
Microsoft Visual Studio Solution File, Format Version 12.00
# Visual Studio 15
VisualStudioVersion = 15.0.27703.2047
MinimumVisualStudioVersion = 10.0.40219.1
Project("{2150E333-8FDC-42A3-9474-1A3956D46DE8}") = "Spider Docs - Components", "Spider Docs - Components", "{B8012975-F614-40E2-8C47-A528078587C3}"
EndProject
Project("{2150E333-8FDC-42A3-9474-1A3956D46DE8}") = "Spider Docs - App Client", "Spider Docs - App Client", "{B62AA9FE-E612-4BB1-8C13-99753AC59A21}"
EndProject
Project("{2150E333-8FDC-42A3-9474-1A3956D46DE8}") = "Spider Docs Server - Installer", "Spider Docs Server - Installer", "{987C8BE3-43BA-486E-A2BD-3109CF515689}"
	ProjectSection(SolutionItems) = preProject
		..\Spider Docs - Server Installer\SpiderDocsServer-Installer.isl = ..\Spider Docs - Server Installer\SpiderDocsServer-Installer.isl
	EndProjectSection
EndProject
Project("{2150E333-8FDC-42A3-9474-1A3956D46DE8}") = "Spider Docs Server - WinService", "Spider Docs Server - WinService", "{4A4ABA21-0F7D-42E8-BF0E-89F8D1F3EE0A}"
EndProject
Project("{2150E333-8FDC-42A3-9474-1A3956D46DE8}") = "Spider Docs - Client Control", "Spider Docs - Client Control", "{5FD2BD8B-80A4-4BCD-8574-0AA2628645D4}"
EndProject
Project("{2150E333-8FDC-42A3-9474-1A3956D46DE8}") = "Spider Docs - Updater", "Spider Docs - Updater", "{0D110656-8A6A-48E2-B78B-CE6824F0021E}"
EndProject
Project("{FAE04EC0-301F-11D3-BF4B-00C04F79EFBC}") = "Spider Docs", "Spider Docs.csproj", "{7EF452C6-FA1C-4547-9F71-18096C796A5B}"
	ProjectSection(ProjectDependencies) = postProject
		{C797C51E-33AC-4729-8FCC-2E594A248EC5} = {C797C51E-33AC-4729-8FCC-2E594A248EC5}
		{9F28271F-B5B8-4D14-A20B-53767EFD64AE} = {9F28271F-B5B8-4D14-A20B-53767EFD64AE}
		{6CC6EE40-8B56-4EF2-B051-37B7ED51435D} = {6CC6EE40-8B56-4EF2-B051-37B7ED51435D}
		{A0DE9659-939B-471B-860F-9BEE8862EDA6} = {A0DE9659-939B-471B-860F-9BEE8862EDA6}
		{2BED4D62-96E7-413F-BA87-9BF06F546771} = {2BED4D62-96E7-413F-BA87-9BF06F546771}
		{F5808170-FD81-4F12-88CC-E44C7F655D2D} = {F5808170-FD81-4F12-88CC-E44C7F655D2D}
		{9827EA79-8E27-4A66-9A03-EE8AA4FF2013} = {9827EA79-8E27-4A66-9A03-EE8AA4FF2013}
		{6890B894-6D11-4EFD-89B4-2F60DCC9AFE2} = {6890B894-6D11-4EFD-89B4-2F60DCC9AFE2}
		{5382AEC5-55FA-4818-99AB-2C9194C2C8AB} = {5382AEC5-55FA-4818-99AB-2C9194C2C8AB}
		{400462CE-40B3-498F-B95A-B1D2AE679359} = {400462CE-40B3-498F-B95A-B1D2AE679359}
		{4DFD8BD0-8F27-4272-BFB0-77C45DD8B73A} = {4DFD8BD0-8F27-4272-BFB0-77C45DD8B73A}
		{E96D76E3-7C0F-432A-903D-D243EA7E3FAF} = {E96D76E3-7C0F-432A-903D-D243EA7E3FAF}
		{0E41C9E9-199D-42C0-92C7-C19B4556C8FF} = {0E41C9E9-199D-42C0-92C7-C19B4556C8FF}
		{BB73B5FF-C396-4B75-9C22-6395D86F8610} = {BB73B5FF-C396-4B75-9C22-6395D86F8610}
	EndProjectSection
EndProject
Project("{FAE04EC0-301F-11D3-BF4B-00C04F79EFBC}") = "DragNDrop", "..\Spider Docs - Components\Spider Docs - DragAndDropListView\DragNDrop.csproj", "{C7E21F05-C166-4DCC-8429-EC8A4C1A67B6}"
EndProject
Project("{FAE04EC0-301F-11D3-BF4B-00C04F79EFBC}") = "SpiderDocsWinService", "..\Spider Docs - WinService\SpiderDocsWinService.csproj", "{5382AEC5-55FA-4818-99AB-2C9194C2C8AB}"
EndProject
Project("{FAE04EC0-301F-11D3-BF4B-00C04F79EFBC}") = "PreviewPanel", "..\Spider Docs - Components\Spider Docs - PreviewPanel\PreviewPanel.csproj", "{2BED4D62-96E7-413F-BA87-9BF06F546771}"
EndProject
Project("{FAE04EC0-301F-11D3-BF4B-00C04F79EFBC}") = "SpiderDocs - ClientControl", "..\SpiderDocs - ClientControl\SpiderDocs - ClientControl\SpiderDocs - ClientControl.csproj", "{554547B9-CCA9-424F-AC8F-BD6C0BC0AD1A}"
EndProject
Project("{6141683F-8A12-4E36-9623-2EB02B2C2303}") = "SpiderDocsServer-Installer", "..\Spider Docs - Server Installer\SpiderDocsServer-Installer.isproj", "{49091146-3C8A-46C4-B07C-F73C3E0B2A70}"
	ProjectSection(ProjectDependencies) = postProject
		{5382AEC5-55FA-4818-99AB-2C9194C2C8AB} = {5382AEC5-55FA-4818-99AB-2C9194C2C8AB}
	EndProjectSection
EndProject
Project("{2150E333-8FDC-42A3-9474-1A3956D46DE8}") = "EPocalipse.IFilter", "EPocalipse.IFilter", "{7FC1F69B-1280-469C-8C85-EC82E898568B}"
EndProject
Project("{FAE04EC0-301F-11D3-BF4B-00C04F79EFBC}") = "EPocalipse.IFilter", "..\EPocalipse.IFilter\EPocalipse.IFilter.csproj", "{400462CE-40B3-498F-B95A-B1D2AE679359}"
EndProject
Project("{2150E333-8FDC-42A3-9474-1A3956D46DE8}") = "Spider Docs - AddIns", "Spider Docs - AddIns", "{C5F45297-2106-4BC9-B588-7500B606BEBD}"
EndProject
Project("{2150E333-8FDC-42A3-9474-1A3956D46DE8}") = "SpiderDocsCommon", "SpiderDocsCommon", "{CA6DCAE1-06B2-4290-ADA3-602FD12721DA}"
EndProject
Project("{FAE04EC0-301F-11D3-BF4B-00C04F79EFBC}") = "SpiderDocsModule", "..\SpiderDocsCommon\SpiderDocsModule\SpiderDocsModule.csproj", "{B084BDA0-2A1F-4D1A-A968-8EB0F8D60A96}"
EndProject
Project("{FAE04EC0-301F-11D3-BF4B-00C04F79EFBC}") = "SpiderDocsForms", "..\SpiderDocsCommon\SpiderDocsForm\SpiderDocsForms.csproj", "{9A48EA8C-727B-4CC3-961A-E49445749654}"
EndProject
Project("{FAE04EC0-301F-11D3-BF4B-00C04F79EFBC}") = "AddInModules", "..\Spider Docs - AddInsOffice\AddInModules\AddInModules.csproj", "{A0DE9659-939B-471B-860F-9BEE8862EDA6}"
EndProject
Project("{FAE04EC0-301F-11D3-BF4B-00C04F79EFBC}") = "AddInExcel2013", "..\Spider Docs - AddInsOffice\Excel\AddInExcel2013.csproj", "{4DFD8BD0-8F27-4272-BFB0-77C45DD8B73A}"
EndProject
Project("{FAE04EC0-301F-11D3-BF4B-00C04F79EFBC}") = "AddInOutlook2013", "..\Spider Docs - AddInsOffice\Outlook\AddInOutlook2013.csproj", "{6890B894-6D11-4EFD-89B4-2F60DCC9AFE2}"
EndProject
Project("{FAE04EC0-301F-11D3-BF4B-00C04F79EFBC}") = "AddInOutlookAttachment2013", "..\Spider Docs - AddInsOffice\OutlookAttachment\AddInOutlookAttachment2013.csproj", "{6CC6EE40-8B56-4EF2-B051-37B7ED51435D}"
EndProject
Project("{FAE04EC0-301F-11D3-BF4B-00C04F79EFBC}") = "AddInPowerPoint2013", "..\Spider Docs - AddInsOffice\PowerPoint\AddInPowerPoint2013.csproj", "{E96D76E3-7C0F-432A-903D-D243EA7E3FAF}"
EndProject
Project("{FAE04EC0-301F-11D3-BF4B-00C04F79EFBC}") = "AddInWord2013", "..\Spider Docs - AddInsOffice\Word\AddInWord2013.csproj", "{9F28271F-B5B8-4D14-A20B-53767EFD64AE}"
EndProject
Project("{FAE04EC0-301F-11D3-BF4B-00C04F79EFBC}") = "WebSpiderDocs", "..\WebSpiderDocs\WebSpiderDocs.csproj", "{F5808170-FD81-4F12-88CC-E44C7F655D2D}"
EndProject
Project("{2150E333-8FDC-42A3-9474-1A3956D46DE8}") = "SpiderCommonModules", "SpiderCommonModules", "{713C3282-7E71-43BA-B761-300E433A68C1}"
	ProjectSection(SolutionItems) = preProject
		..\SpiderCommonModules\DocumentFormat.OpenXml.dll = ..\SpiderCommonModules\DocumentFormat.OpenXml.dll
		..\SpiderCommonModules\DocumentFormat.OpenXml.Extensions.dll = ..\SpiderCommonModules\DocumentFormat.OpenXml.Extensions.dll
		..\SpiderCommonModules\Interop.IWshRuntimeLibrary.dll = ..\SpiderCommonModules\Interop.IWshRuntimeLibrary.dll
		..\SpiderCommonModules\itextsharp.dll = ..\SpiderCommonModules\itextsharp.dll
		..\SpiderCommonModules\LinqKit.dll = ..\SpiderCommonModules\LinqKit.dll
		..\SpiderCommonModules\Microsoft.Office.Interop.Excel.dll = ..\SpiderCommonModules\Microsoft.Office.Interop.Excel.dll
		..\SpiderCommonModules\Microsoft.Office.Interop.Word.dll = ..\SpiderCommonModules\Microsoft.Office.Interop.Word.dll
		..\SpiderCommonModules\MvcCheckBoxList.dll = ..\SpiderCommonModules\MvcCheckBoxList.dll
		..\SpiderCommonModules\MySql.Data.dll = ..\SpiderCommonModules\MySql.Data.dll
		..\SpiderCommonModules\NLog.config = ..\SpiderCommonModules\NLog.config
		..\SpiderCommonModules\NLog.dll = ..\SpiderCommonModules\NLog.dll
		..\SpiderCommonModules\NLog.xml = ..\SpiderCommonModules\NLog.xml
		..\SpiderCommonModules\office.dll = ..\SpiderCommonModules\office.dll
		..\SpiderCommonModules\PdfSharp.dll = ..\SpiderCommonModules\PdfSharp.dll
		..\SpiderCommonModules\Spider.Data.dll = ..\SpiderCommonModules\Spider.Data.dll
		..\SpiderCommonModules\Spider.FormUtilities.dll = ..\SpiderCommonModules\Spider.FormUtilities.dll
		..\SpiderCommonModules\Spider.Office.dll = ..\SpiderCommonModules\Spider.Office.dll
		..\SpiderCommonModules\Spider.Utilities.dll = ..\SpiderCommonModules\Spider.Utilities.dll
		..\SpiderCommonModules\SQLite.Interop.dll = ..\SpiderCommonModules\SQLite.Interop.dll
		..\SpiderCommonModules\UpdateToTheLatest.bat = ..\SpiderCommonModules\UpdateToTheLatest.bat
	EndProjectSection
EndProject
Project("{FAE04EC0-301F-11D3-BF4B-00C04F79EFBC}") = "SpiderDocsServerModule", "..\SpiderDocsCommon\SpiderDocsServerModule\SpiderDocsServerModule.csproj", "{BB73B5FF-C396-4B75-9C22-6395D86F8610}"
EndProject
Project("{FAE04EC0-301F-11D3-BF4B-00C04F79EFBC}") = "AutoUpdateService", "..\AutoUpdateService\AutoUpdateService.csproj", "{9827EA79-8E27-4A66-9A03-EE8AA4FF2013}"
EndProject
Project("{FAE04EC0-301F-11D3-BF4B-00C04F79EFBC}") = "UpdateWaitDialog", "..\UpdateWaitDialog\UpdateWaitDialog.csproj", "{C797C51E-33AC-4729-8FCC-2E594A248EC5}"
EndProject
Project("{2150E333-8FDC-42A3-9474-1A3956D46DE8}") = "Lib", "Lib", "{A1AFDA7B-8063-4BF2-A5E4-806653718F41}"
	ProjectSection(SolutionItems) = preProject
		..\Lib\MySql.Data.dll = ..\Lib\MySql.Data.dll
	EndProjectSection
EndProject
Project("{2150E333-8FDC-42A3-9474-1A3956D46DE8}") = "Tools", "Tools", "{D6C40C0F-2AB1-4BE0-BB76-4A2A7745940D}"
	ProjectSection(SolutionItems) = preProject
		..\Tools\mysql-connector-net-6.6.5.msi = ..\Tools\mysql-connector-net-6.6.5.msi
		..\Tools\NSOCR_v53_build718_full.exe = ..\Tools\NSOCR_v53_build718_full.exe
		..\Tools\OfficeToolsForVS2012RTW.zip = ..\Tools\OfficeToolsForVS2012RTW.zip
	EndProjectSection
EndProject
Project("{2150E333-8FDC-42A3-9474-1A3956D46DE8}") = "Full Text Search for SQL Server", "Full Text Search for SQL Server", "{F79FCF06-B0AE-4765-8141-3124B179C39D}"
	ProjectSection(SolutionItems) = preProject
		..\Tools\Full Text Search for SQL Server\FilterPack32bit.exe = ..\Tools\Full Text Search for SQL Server\FilterPack32bit.exe
		..\Tools\Full Text Search for SQL Server\FilterPack64bit.exe = ..\Tools\Full Text Search for SQL Server\FilterPack64bit.exe
		..\Tools\Full Text Search for SQL Server\filterpacksp2010-kb2687447-fullfile-x64-en-us.exe = ..\Tools\Full Text Search for SQL Server\filterpacksp2010-kb2687447-fullfile-x64-en-us.exe
		..\Tools\Full Text Search for SQL Server\filterpacksp2010-kb2687447-fullfile-x86-en-us.exe = ..\Tools\Full Text Search for SQL Server\filterpacksp2010-kb2687447-fullfile-x86-en-us.exe
		..\Tools\Full Text Search for SQL Server\Get the Office 2010 Filter Pack for search in SQL Server 2012.mht = ..\Tools\Full Text Search for SQL Server\Get the Office 2010 Filter Pack for search in SQL Server 2012.mht
		..\Tools\Full Text Search for SQL Server\How to install filters.txt = ..\Tools\Full Text Search for SQL Server\How to install filters.txt
		..\Tools\Full Text Search for SQL Server\pdf.reg = ..\Tools\Full Text Search for SQL Server\pdf.reg
		..\Tools\Full Text Search for SQL Server\PDFFilter64installer.msi = ..\Tools\Full Text Search for SQL Server\PDFFilter64installer.msi
	EndProjectSection
EndProject
Project("{2150E333-8FDC-42A3-9474-1A3956D46DE8}") = "SQLite Local DB", "SQLite Local DB", "{93DD135A-4E08-432D-B740-C563F6BE9AB6}"
	ProjectSection(SolutionItems) = preProject
		..\Tools\SQLite Local DB\SqlConverter_v1_20_binary.zip = ..\Tools\SQLite Local DB\SqlConverter_v1_20_binary.zip
		..\Tools\SQLite Local DB\sqlite-netFx40-setup-x86-2010-1.0.92.0.exe = ..\Tools\SQLite Local DB\sqlite-netFx40-setup-x86-2010-1.0.92.0.exe
		..\Tools\SQLite Local DB\SQLiteExpertPersSetup.exe = ..\Tools\SQLite Local DB\SQLiteExpertPersSetup.exe
	EndProjectSection
EndProject
Project("{FAE04EC0-301F-11D3-BF4B-00C04F79EFBC}") = "CheckComboBox", "..\Spider Docs - Components\Spider Docs - CheckComboBox\CheckComboBox.csproj", "{092968D1-9AC4-45C8-9D7B-9AF4A241052C}"
EndProject
Project("{2150E333-8FDC-42A3-9474-1A3956D46DE8}") = ".nuget", ".nuget", "{8C438269-CC1F-4EB7-8D18-AF4ABA422460}"
	ProjectSection(SolutionItems) = preProject
		.nuget\NuGet.Config = .nuget\NuGet.Config
		.nuget\NuGet.exe = .nuget\NuGet.exe
		.nuget\NuGet.targets = .nuget\NuGet.targets
		.nuget\packages.config = .nuget\packages.config
	EndProjectSection
EndProject
Project("{FAE04EC0-301F-11D3-BF4B-00C04F79EFBC}") = "SpiderDocsServer", "..\Spider Docs - Server Application\SpiderDocsServer\SpiderDocsServer.csproj", "{5935043C-97DD-4885-A57D-07C4F32AA818}"
EndProject
Project("{2150E333-8FDC-42A3-9474-1A3956D46DE8}") = "AccessClient", "AccessClient", "{24BE9C74-02DF-4B60-9ED8-9C42F287614A}"
	ProjectSection(SolutionItems) = preProject
		..\AccessClient\SpiderDocsWebClient.accdb = ..\AccessClient\SpiderDocsWebClient.accdb
	EndProjectSection
EndProject
Project("{FAE04EC0-301F-11D3-BF4B-00C04F79EFBC}") = "Scanner", "..\Spider Docs - Components\Spider Docs - Scanner\Scanner.csproj", "{0E41C9E9-199D-42C0-92C7-C19B4556C8FF}"
EndProject
Project("{FAE04EC0-301F-11D3-BF4B-00C04F79EFBC}") = "ImportFolders", "..\Tools\ImportFolders\ImportFolders\ImportFolders.csproj", "{50D4D8C6-979D-43F1-966E-240033AC6C26}"
EndProject
Project("{FAE04EC0-301F-11D3-BF4B-00C04F79EFBC}") = "ClientSpiderDocsWebService", "..\ClientSpiderDocsWebService\ClientSpiderDocsWebService.csproj", "{FB5E9D19-0798-4EEB-AECB-5EE2D23B44A2}"
EndProject
Project("{FAE04EC0-301F-11D3-BF4B-00C04F79EFBC}") = "DatabaseUtilities", "..\SpiderDocsCommon\DatabaseUtilities\DatabaseUtilities.csproj", "{016BC79B-1506-4122-A401-9110E5722806}"
EndProject
Project("{FAE04EC0-301F-11D3-BF4B-00C04F79EFBC}") = "SpiderDocsWebAPIs", "..\SpiderDocsWebAPIs\SpiderDocsWebAPIs.csproj", "{029AEA44-C76F-4AE9-BDCF-19C437A84BFF}"
EndProject
Project("{FAE04EC0-301F-11D3-BF4B-00C04F79EFBC}") = "SpiderDocsWebAPIs.Tests", "..\NUnit\SpiderDocsWebAPIsTest\SpiderDocsWebAPIs.Tests.csproj", "{6A5AFE2B-F1A2-4A57-9FB0-0F0C309AAF5A}"
EndProject
Project("{FAE04EC0-301F-11D3-BF4B-00C04F79EFBC}") = "Utilities", "..\SpiderDocsCommon\Utilities\Utilities.csproj", "{83C6EEAC-8FD6-4A70-BC6F-88B2D8C253DB}"
EndProject
Project("{FAE04EC0-301F-11D3-BF4B-00C04F79EFBC}") = "SpiderDocsOCR", "..\SpiderDocsCommon\SpiderDocsOCR\SpiderDocsOCR.csproj", "{B66E2D37-3E66-4033-87D2-37AD3485A549}"
EndProject
Global
	GlobalSection(SolutionConfigurationPlatforms) = preSolution
		Debug|Any CPU = Debug|Any CPU
		Debug|Mixed Platforms = Debug|Mixed Platforms
		Debug|x64 = Debug|x64
		Debug|x86 = Debug|x86
		Release|Any CPU = Release|Any CPU
		Release|Mixed Platforms = Release|Mixed Platforms
		Release|x64 = Release|x64
		Release|x86 = Release|x86
		Unit Test|Any CPU = Unit Test|Any CPU
		Unit Test|Mixed Platforms = Unit Test|Mixed Platforms
		Unit Test|x64 = Unit Test|x64
		Unit Test|x86 = Unit Test|x86
	EndGlobalSection
	GlobalSection(ProjectConfigurationPlatforms) = postSolution
		{7EF452C6-FA1C-4547-9F71-18096C796A5B}.Debug|Any CPU.ActiveCfg = Debug|Any CPU
		{7EF452C6-FA1C-4547-9F71-18096C796A5B}.Debug|Any CPU.Build.0 = Debug|Any CPU
		{7EF452C6-FA1C-4547-9F71-18096C796A5B}.Debug|Mixed Platforms.ActiveCfg = Debug|Any CPU
		{7EF452C6-FA1C-4547-9F71-18096C796A5B}.Debug|Mixed Platforms.Build.0 = Debug|Any CPU
		{7EF452C6-FA1C-4547-9F71-18096C796A5B}.Debug|x64.ActiveCfg = Debug|Any CPU
		{7EF452C6-FA1C-4547-9F71-18096C796A5B}.Debug|x64.Build.0 = Debug|Any CPU
		{7EF452C6-FA1C-4547-9F71-18096C796A5B}.Debug|x86.ActiveCfg = Debug|x86
		{7EF452C6-FA1C-4547-9F71-18096C796A5B}.Debug|x86.Build.0 = Debug|x86
		{7EF452C6-FA1C-4547-9F71-18096C796A5B}.Release|Any CPU.ActiveCfg = Release|Any CPU
		{7EF452C6-FA1C-4547-9F71-18096C796A5B}.Release|Any CPU.Build.0 = Release|Any CPU
		{7EF452C6-FA1C-4547-9F71-18096C796A5B}.Release|Mixed Platforms.ActiveCfg = Release|x86
		{7EF452C6-FA1C-4547-9F71-18096C796A5B}.Release|Mixed Platforms.Build.0 = Release|x86
		{7EF452C6-FA1C-4547-9F71-18096C796A5B}.Release|x64.ActiveCfg = Release|Any CPU
		{7EF452C6-FA1C-4547-9F71-18096C796A5B}.Release|x64.Build.0 = Release|Any CPU
		{7EF452C6-FA1C-4547-9F71-18096C796A5B}.Release|x86.ActiveCfg = Release|x86
		{7EF452C6-FA1C-4547-9F71-18096C796A5B}.Release|x86.Build.0 = Release|x86
		{7EF452C6-FA1C-4547-9F71-18096C796A5B}.Unit Test|Any CPU.ActiveCfg = Unit Test|Any CPU
		{7EF452C6-FA1C-4547-9F71-18096C796A5B}.Unit Test|Any CPU.Build.0 = Unit Test|Any CPU
		{7EF452C6-FA1C-4547-9F71-18096C796A5B}.Unit Test|Mixed Platforms.ActiveCfg = Unit Test|x86
		{7EF452C6-FA1C-4547-9F71-18096C796A5B}.Unit Test|Mixed Platforms.Build.0 = Unit Test|x86
		{7EF452C6-FA1C-4547-9F71-18096C796A5B}.Unit Test|x64.ActiveCfg = Unit Test|Any CPU
		{7EF452C6-FA1C-4547-9F71-18096C796A5B}.Unit Test|x64.Build.0 = Unit Test|Any CPU
		{7EF452C6-FA1C-4547-9F71-18096C796A5B}.Unit Test|x86.ActiveCfg = Unit Test|x86
		{7EF452C6-FA1C-4547-9F71-18096C796A5B}.Unit Test|x86.Build.0 = Unit Test|x86
		{C7E21F05-C166-4DCC-8429-EC8A4C1A67B6}.Debug|Any CPU.ActiveCfg = Debug|Any CPU
		{C7E21F05-C166-4DCC-8429-EC8A4C1A67B6}.Debug|Any CPU.Build.0 = Debug|Any CPU
		{C7E21F05-C166-4DCC-8429-EC8A4C1A67B6}.Debug|Mixed Platforms.ActiveCfg = Debug|Any CPU
		{C7E21F05-C166-4DCC-8429-EC8A4C1A67B6}.Debug|Mixed Platforms.Build.0 = Debug|Any CPU
		{C7E21F05-C166-4DCC-8429-EC8A4C1A67B6}.Debug|x64.ActiveCfg = Debug|Any CPU
		{C7E21F05-C166-4DCC-8429-EC8A4C1A67B6}.Debug|x64.Build.0 = Debug|Any CPU
		{C7E21F05-C166-4DCC-8429-EC8A4C1A67B6}.Debug|x86.ActiveCfg = Debug|Any CPU
		{C7E21F05-C166-4DCC-8429-EC8A4C1A67B6}.Debug|x86.Build.0 = Debug|Any CPU
		{C7E21F05-C166-4DCC-8429-EC8A4C1A67B6}.Release|Any CPU.ActiveCfg = Release|Any CPU
		{C7E21F05-C166-4DCC-8429-EC8A4C1A67B6}.Release|Any CPU.Build.0 = Release|Any CPU
		{C7E21F05-C166-4DCC-8429-EC8A4C1A67B6}.Release|Mixed Platforms.ActiveCfg = Release|Any CPU
		{C7E21F05-C166-4DCC-8429-EC8A4C1A67B6}.Release|x64.ActiveCfg = Release|Any CPU
		{C7E21F05-C166-4DCC-8429-EC8A4C1A67B6}.Release|x64.Build.0 = Release|Any CPU
		{C7E21F05-C166-4DCC-8429-EC8A4C1A67B6}.Release|x86.ActiveCfg = Release|Any CPU
		{C7E21F05-C166-4DCC-8429-EC8A4C1A67B6}.Unit Test|Any CPU.ActiveCfg = Unit Test|Any CPU
		{C7E21F05-C166-4DCC-8429-EC8A4C1A67B6}.Unit Test|Any CPU.Build.0 = Unit Test|Any CPU
		{C7E21F05-C166-4DCC-8429-EC8A4C1A67B6}.Unit Test|Mixed Platforms.ActiveCfg = Unit Test|Any CPU
		{C7E21F05-C166-4DCC-8429-EC8A4C1A67B6}.Unit Test|Mixed Platforms.Build.0 = Unit Test|Any CPU
		{C7E21F05-C166-4DCC-8429-EC8A4C1A67B6}.Unit Test|x64.ActiveCfg = Unit Test|Any CPU
		{C7E21F05-C166-4DCC-8429-EC8A4C1A67B6}.Unit Test|x64.Build.0 = Unit Test|Any CPU
		{C7E21F05-C166-4DCC-8429-EC8A4C1A67B6}.Unit Test|x86.ActiveCfg = Unit Test|Any CPU
		{C7E21F05-C166-4DCC-8429-EC8A4C1A67B6}.Unit Test|x86.Build.0 = Unit Test|Any CPU
		{5382AEC5-55FA-4818-99AB-2C9194C2C8AB}.Debug|Any CPU.ActiveCfg = Debug|Any CPU
		{5382AEC5-55FA-4818-99AB-2C9194C2C8AB}.Debug|Any CPU.Build.0 = Debug|Any CPU
		{5382AEC5-55FA-4818-99AB-2C9194C2C8AB}.Debug|Mixed Platforms.ActiveCfg = Debug|Any CPU
		{5382AEC5-55FA-4818-99AB-2C9194C2C8AB}.Debug|Mixed Platforms.Build.0 = Debug|Any CPU
		{5382AEC5-55FA-4818-99AB-2C9194C2C8AB}.Debug|x64.ActiveCfg = Debug|Any CPU
		{5382AEC5-55FA-4818-99AB-2C9194C2C8AB}.Debug|x64.Build.0 = Debug|Any CPU
		{5382AEC5-55FA-4818-99AB-2C9194C2C8AB}.Debug|x86.ActiveCfg = Debug|Any CPU
		{5382AEC5-55FA-4818-99AB-2C9194C2C8AB}.Release|Any CPU.ActiveCfg = Release|Any CPU
		{5382AEC5-55FA-4818-99AB-2C9194C2C8AB}.Release|Any CPU.Build.0 = Release|Any CPU
		{5382AEC5-55FA-4818-99AB-2C9194C2C8AB}.Release|Mixed Platforms.ActiveCfg = Release|Any CPU
		{5382AEC5-55FA-4818-99AB-2C9194C2C8AB}.Release|Mixed Platforms.Build.0 = Release|Any CPU
		{5382AEC5-55FA-4818-99AB-2C9194C2C8AB}.Release|x64.ActiveCfg = Release|Any CPU
		{5382AEC5-55FA-4818-99AB-2C9194C2C8AB}.Release|x64.Build.0 = Release|Any CPU
		{5382AEC5-55FA-4818-99AB-2C9194C2C8AB}.Release|x86.ActiveCfg = Release|Any CPU
		{5382AEC5-55FA-4818-99AB-2C9194C2C8AB}.Unit Test|Any CPU.ActiveCfg = Unit Test|Any CPU
		{5382AEC5-55FA-4818-99AB-2C9194C2C8AB}.Unit Test|Any CPU.Build.0 = Unit Test|Any CPU
		{5382AEC5-55FA-4818-99AB-2C9194C2C8AB}.Unit Test|Mixed Platforms.ActiveCfg = Unit Test|Any CPU
		{5382AEC5-55FA-4818-99AB-2C9194C2C8AB}.Unit Test|Mixed Platforms.Build.0 = Unit Test|Any CPU
		{5382AEC5-55FA-4818-99AB-2C9194C2C8AB}.Unit Test|x64.ActiveCfg = Unit Test|Any CPU
		{5382AEC5-55FA-4818-99AB-2C9194C2C8AB}.Unit Test|x64.Build.0 = Unit Test|Any CPU
		{5382AEC5-55FA-4818-99AB-2C9194C2C8AB}.Unit Test|x86.ActiveCfg = Unit Test|Any CPU
		{5382AEC5-55FA-4818-99AB-2C9194C2C8AB}.Unit Test|x86.Build.0 = Unit Test|Any CPU
		{2BED4D62-96E7-413F-BA87-9BF06F546771}.Debug|Any CPU.ActiveCfg = Debug|Any CPU
		{2BED4D62-96E7-413F-BA87-9BF06F546771}.Debug|Any CPU.Build.0 = Debug|Any CPU
		{2BED4D62-96E7-413F-BA87-9BF06F546771}.Debug|Mixed Platforms.ActiveCfg = Debug|Any CPU
		{2BED4D62-96E7-413F-BA87-9BF06F546771}.Debug|Mixed Platforms.Build.0 = Debug|Any CPU
		{2BED4D62-96E7-413F-BA87-9BF06F546771}.Debug|x64.ActiveCfg = Debug|Any CPU
		{2BED4D62-96E7-413F-BA87-9BF06F546771}.Debug|x64.Build.0 = Debug|Any CPU
		{2BED4D62-96E7-413F-BA87-9BF06F546771}.Debug|x86.ActiveCfg = Debug|Any CPU
		{2BED4D62-96E7-413F-BA87-9BF06F546771}.Debug|x86.Build.0 = Debug|Any CPU
		{2BED4D62-96E7-413F-BA87-9BF06F546771}.Release|Any CPU.ActiveCfg = Release|Any CPU
		{2BED4D62-96E7-413F-BA87-9BF06F546771}.Release|Any CPU.Build.0 = Release|Any CPU
		{2BED4D62-96E7-413F-BA87-9BF06F546771}.Release|Mixed Platforms.ActiveCfg = Release|Any CPU
		{2BED4D62-96E7-413F-BA87-9BF06F546771}.Release|Mixed Platforms.Build.0 = Release|Any CPU
		{2BED4D62-96E7-413F-BA87-9BF06F546771}.Release|x64.ActiveCfg = Release|Any CPU
		{2BED4D62-96E7-413F-BA87-9BF06F546771}.Release|x64.Build.0 = Release|Any CPU
		{2BED4D62-96E7-413F-BA87-9BF06F546771}.Release|x86.ActiveCfg = Release|Any CPU
		{2BED4D62-96E7-413F-BA87-9BF06F546771}.Unit Test|Any CPU.ActiveCfg = Unit Test|Any CPU
		{2BED4D62-96E7-413F-BA87-9BF06F546771}.Unit Test|Any CPU.Build.0 = Unit Test|Any CPU
		{2BED4D62-96E7-413F-BA87-9BF06F546771}.Unit Test|Mixed Platforms.ActiveCfg = Unit Test|Any CPU
		{2BED4D62-96E7-413F-BA87-9BF06F546771}.Unit Test|Mixed Platforms.Build.0 = Unit Test|Any CPU
		{2BED4D62-96E7-413F-BA87-9BF06F546771}.Unit Test|x64.ActiveCfg = Unit Test|Any CPU
		{2BED4D62-96E7-413F-BA87-9BF06F546771}.Unit Test|x64.Build.0 = Unit Test|Any CPU
		{2BED4D62-96E7-413F-BA87-9BF06F546771}.Unit Test|x86.ActiveCfg = Unit Test|Any CPU
		{2BED4D62-96E7-413F-BA87-9BF06F546771}.Unit Test|x86.Build.0 = Unit Test|Any CPU
		{554547B9-CCA9-424F-AC8F-BD6C0BC0AD1A}.Debug|Any CPU.ActiveCfg = Debug|Any CPU
		{554547B9-CCA9-424F-AC8F-BD6C0BC0AD1A}.Debug|Mixed Platforms.ActiveCfg = Debug|Any CPU
		{554547B9-CCA9-424F-AC8F-BD6C0BC0AD1A}.Debug|x64.ActiveCfg = Debug|Any CPU
		{554547B9-CCA9-424F-AC8F-BD6C0BC0AD1A}.Debug|x64.Build.0 = Debug|Any CPU
		{554547B9-CCA9-424F-AC8F-BD6C0BC0AD1A}.Debug|x86.ActiveCfg = Debug|Any CPU
		{554547B9-CCA9-424F-AC8F-BD6C0BC0AD1A}.Release|Any CPU.ActiveCfg = Release|Any CPU
		{554547B9-CCA9-424F-AC8F-BD6C0BC0AD1A}.Release|Mixed Platforms.ActiveCfg = Release|Any CPU
		{554547B9-CCA9-424F-AC8F-BD6C0BC0AD1A}.Release|Mixed Platforms.Build.0 = Release|Any CPU
		{554547B9-CCA9-424F-AC8F-BD6C0BC0AD1A}.Release|x64.ActiveCfg = Release|Any CPU
		{554547B9-CCA9-424F-AC8F-BD6C0BC0AD1A}.Release|x64.Build.0 = Release|Any CPU
		{554547B9-CCA9-424F-AC8F-BD6C0BC0AD1A}.Release|x86.ActiveCfg = Release|Any CPU
		{554547B9-CCA9-424F-AC8F-BD6C0BC0AD1A}.Unit Test|Any CPU.ActiveCfg = Unit Test|Any CPU
		{554547B9-CCA9-424F-AC8F-BD6C0BC0AD1A}.Unit Test|Mixed Platforms.ActiveCfg = Unit Test|Any CPU
		{554547B9-CCA9-424F-AC8F-BD6C0BC0AD1A}.Unit Test|Mixed Platforms.Build.0 = Unit Test|Any CPU
		{554547B9-CCA9-424F-AC8F-BD6C0BC0AD1A}.Unit Test|x64.ActiveCfg = Unit Test|Any CPU
		{554547B9-CCA9-424F-AC8F-BD6C0BC0AD1A}.Unit Test|x64.Build.0 = Unit Test|Any CPU
		{554547B9-CCA9-424F-AC8F-BD6C0BC0AD1A}.Unit Test|x86.ActiveCfg = Unit Test|Any CPU
		{554547B9-CCA9-424F-AC8F-BD6C0BC0AD1A}.Unit Test|x86.Build.0 = Unit Test|Any CPU
		{49091146-3C8A-46C4-B07C-F73C3E0B2A70}.Debug|Any CPU.ActiveCfg = DVD-5
		{49091146-3C8A-46C4-B07C-F73C3E0B2A70}.Debug|Mixed Platforms.ActiveCfg = DVD-5
		{49091146-3C8A-46C4-B07C-F73C3E0B2A70}.Debug|x64.ActiveCfg = DVD-5
		{49091146-3C8A-46C4-B07C-F73C3E0B2A70}.Debug|x86.ActiveCfg = DVD-5
		{49091146-3C8A-46C4-B07C-F73C3E0B2A70}.Release|Any CPU.ActiveCfg = SingleImage
		{49091146-3C8A-46C4-B07C-F73C3E0B2A70}.Release|Any CPU.Build.0 = SingleImage
		{49091146-3C8A-46C4-B07C-F73C3E0B2A70}.Release|Mixed Platforms.ActiveCfg = SingleImage
		{49091146-3C8A-46C4-B07C-F73C3E0B2A70}.Release|Mixed Platforms.Build.0 = SingleImage
		{49091146-3C8A-46C4-B07C-F73C3E0B2A70}.Release|x64.ActiveCfg = SingleImage
		{49091146-3C8A-46C4-B07C-F73C3E0B2A70}.Release|x86.ActiveCfg = SingleImage
		{49091146-3C8A-46C4-B07C-F73C3E0B2A70}.Release|x86.Build.0 = SingleImage
		{49091146-3C8A-46C4-B07C-F73C3E0B2A70}.Unit Test|Any CPU.ActiveCfg = SingleImage
		{49091146-3C8A-46C4-B07C-F73C3E0B2A70}.Unit Test|Mixed Platforms.ActiveCfg = SingleImage
		{49091146-3C8A-46C4-B07C-F73C3E0B2A70}.Unit Test|x64.ActiveCfg = SingleImage
		{49091146-3C8A-46C4-B07C-F73C3E0B2A70}.Unit Test|x86.ActiveCfg = SingleImage
		{400462CE-40B3-498F-B95A-B1D2AE679359}.Debug|Any CPU.ActiveCfg = Debug|Any CPU
		{400462CE-40B3-498F-B95A-B1D2AE679359}.Debug|Any CPU.Build.0 = Debug|Any CPU
		{400462CE-40B3-498F-B95A-B1D2AE679359}.Debug|Mixed Platforms.ActiveCfg = Debug|Any CPU
		{400462CE-40B3-498F-B95A-B1D2AE679359}.Debug|Mixed Platforms.Build.0 = Debug|Any CPU
		{400462CE-40B3-498F-B95A-B1D2AE679359}.Debug|x64.ActiveCfg = Debug|Any CPU
		{400462CE-40B3-498F-B95A-B1D2AE679359}.Debug|x64.Build.0 = Debug|Any CPU
		{400462CE-40B3-498F-B95A-B1D2AE679359}.Debug|x86.ActiveCfg = Debug|Any CPU
		{400462CE-40B3-498F-B95A-B1D2AE679359}.Debug|x86.Build.0 = Debug|Any CPU
		{400462CE-40B3-498F-B95A-B1D2AE679359}.Release|Any CPU.ActiveCfg = Release|Any CPU
		{400462CE-40B3-498F-B95A-B1D2AE679359}.Release|Any CPU.Build.0 = Release|Any CPU
		{400462CE-40B3-498F-B95A-B1D2AE679359}.Release|Mixed Platforms.ActiveCfg = Release|Any CPU
		{400462CE-40B3-498F-B95A-B1D2AE679359}.Release|Mixed Platforms.Build.0 = Release|Any CPU
		{400462CE-40B3-498F-B95A-B1D2AE679359}.Release|x64.ActiveCfg = Release|Any CPU
		{400462CE-40B3-498F-B95A-B1D2AE679359}.Release|x64.Build.0 = Release|Any CPU
		{400462CE-40B3-498F-B95A-B1D2AE679359}.Release|x86.ActiveCfg = Release|Any CPU
		{400462CE-40B3-498F-B95A-B1D2AE679359}.Unit Test|Any CPU.ActiveCfg = Unit Test|Any CPU
		{400462CE-40B3-498F-B95A-B1D2AE679359}.Unit Test|Any CPU.Build.0 = Unit Test|Any CPU
		{400462CE-40B3-498F-B95A-B1D2AE679359}.Unit Test|Mixed Platforms.ActiveCfg = Unit Test|Any CPU
		{400462CE-40B3-498F-B95A-B1D2AE679359}.Unit Test|Mixed Platforms.Build.0 = Unit Test|Any CPU
		{400462CE-40B3-498F-B95A-B1D2AE679359}.Unit Test|x64.ActiveCfg = Unit Test|Any CPU
		{400462CE-40B3-498F-B95A-B1D2AE679359}.Unit Test|x64.Build.0 = Unit Test|Any CPU
		{400462CE-40B3-498F-B95A-B1D2AE679359}.Unit Test|x86.ActiveCfg = Unit Test|Any CPU
		{400462CE-40B3-498F-B95A-B1D2AE679359}.Unit Test|x86.Build.0 = Unit Test|Any CPU
		{B084BDA0-2A1F-4D1A-A968-8EB0F8D60A96}.Debug|Any CPU.ActiveCfg = Debug|Any CPU
		{B084BDA0-2A1F-4D1A-A968-8EB0F8D60A96}.Debug|Any CPU.Build.0 = Debug|Any CPU
		{B084BDA0-2A1F-4D1A-A968-8EB0F8D60A96}.Debug|Mixed Platforms.ActiveCfg = Debug|Any CPU
		{B084BDA0-2A1F-4D1A-A968-8EB0F8D60A96}.Debug|Mixed Platforms.Build.0 = Debug|Any CPU
		{B084BDA0-2A1F-4D1A-A968-8EB0F8D60A96}.Debug|x64.ActiveCfg = Debug|Any CPU
		{B084BDA0-2A1F-4D1A-A968-8EB0F8D60A96}.Debug|x64.Build.0 = Debug|Any CPU
		{B084BDA0-2A1F-4D1A-A968-8EB0F8D60A96}.Debug|x86.ActiveCfg = Debug|Any CPU
		{B084BDA0-2A1F-4D1A-A968-8EB0F8D60A96}.Debug|x86.Build.0 = Debug|Any CPU
		{B084BDA0-2A1F-4D1A-A968-8EB0F8D60A96}.Release|Any CPU.ActiveCfg = Release|Any CPU
		{B084BDA0-2A1F-4D1A-A968-8EB0F8D60A96}.Release|Any CPU.Build.0 = Release|Any CPU
		{B084BDA0-2A1F-4D1A-A968-8EB0F8D60A96}.Release|Mixed Platforms.ActiveCfg = Release|Any CPU
		{B084BDA0-2A1F-4D1A-A968-8EB0F8D60A96}.Release|Mixed Platforms.Build.0 = Release|Any CPU
		{B084BDA0-2A1F-4D1A-A968-8EB0F8D60A96}.Release|x64.ActiveCfg = Release|Any CPU
		{B084BDA0-2A1F-4D1A-A968-8EB0F8D60A96}.Release|x64.Build.0 = Release|Any CPU
		{B084BDA0-2A1F-4D1A-A968-8EB0F8D60A96}.Release|x86.ActiveCfg = Release|Any CPU
		{B084BDA0-2A1F-4D1A-A968-8EB0F8D60A96}.Unit Test|Any CPU.ActiveCfg = Unit Test|Any CPU
		{B084BDA0-2A1F-4D1A-A968-8EB0F8D60A96}.Unit Test|Any CPU.Build.0 = Unit Test|Any CPU
		{B084BDA0-2A1F-4D1A-A968-8EB0F8D60A96}.Unit Test|Mixed Platforms.ActiveCfg = Unit Test|Any CPU
		{B084BDA0-2A1F-4D1A-A968-8EB0F8D60A96}.Unit Test|Mixed Platforms.Build.0 = Unit Test|Any CPU
		{B084BDA0-2A1F-4D1A-A968-8EB0F8D60A96}.Unit Test|x64.ActiveCfg = Unit Test|Any CPU
		{B084BDA0-2A1F-4D1A-A968-8EB0F8D60A96}.Unit Test|x64.Build.0 = Unit Test|Any CPU
		{B084BDA0-2A1F-4D1A-A968-8EB0F8D60A96}.Unit Test|x86.ActiveCfg = Unit Test|Any CPU
		{B084BDA0-2A1F-4D1A-A968-8EB0F8D60A96}.Unit Test|x86.Build.0 = Unit Test|Any CPU
		{9A48EA8C-727B-4CC3-961A-E49445749654}.Debug|Any CPU.ActiveCfg = Debug|Any CPU
		{9A48EA8C-727B-4CC3-961A-E49445749654}.Debug|Any CPU.Build.0 = Debug|Any CPU
		{9A48EA8C-727B-4CC3-961A-E49445749654}.Debug|Mixed Platforms.ActiveCfg = Debug|Any CPU
		{9A48EA8C-727B-4CC3-961A-E49445749654}.Debug|Mixed Platforms.Build.0 = Debug|Any CPU
		{9A48EA8C-727B-4CC3-961A-E49445749654}.Debug|x64.ActiveCfg = Debug|Any CPU
		{9A48EA8C-727B-4CC3-961A-E49445749654}.Debug|x64.Build.0 = Debug|Any CPU
		{9A48EA8C-727B-4CC3-961A-E49445749654}.Debug|x86.ActiveCfg = Debug|Any CPU
		{9A48EA8C-727B-4CC3-961A-E49445749654}.Debug|x86.Build.0 = Debug|Any CPU
		{9A48EA8C-727B-4CC3-961A-E49445749654}.Release|Any CPU.ActiveCfg = Release|Any CPU
		{9A48EA8C-727B-4CC3-961A-E49445749654}.Release|Any CPU.Build.0 = Release|Any CPU
		{9A48EA8C-727B-4CC3-961A-E49445749654}.Release|Mixed Platforms.ActiveCfg = Release|Any CPU
		{9A48EA8C-727B-4CC3-961A-E49445749654}.Release|Mixed Platforms.Build.0 = Release|Any CPU
		{9A48EA8C-727B-4CC3-961A-E49445749654}.Release|x64.ActiveCfg = Release|Any CPU
		{9A48EA8C-727B-4CC3-961A-E49445749654}.Release|x64.Build.0 = Release|Any CPU
		{9A48EA8C-727B-4CC3-961A-E49445749654}.Release|x86.ActiveCfg = Release|Any CPU
		{9A48EA8C-727B-4CC3-961A-E49445749654}.Unit Test|Any CPU.ActiveCfg = Unit Test|Any CPU
		{9A48EA8C-727B-4CC3-961A-E49445749654}.Unit Test|Any CPU.Build.0 = Unit Test|Any CPU
		{9A48EA8C-727B-4CC3-961A-E49445749654}.Unit Test|Mixed Platforms.ActiveCfg = Unit Test|Any CPU
		{9A48EA8C-727B-4CC3-961A-E49445749654}.Unit Test|Mixed Platforms.Build.0 = Unit Test|Any CPU
		{9A48EA8C-727B-4CC3-961A-E49445749654}.Unit Test|x64.ActiveCfg = Unit Test|Any CPU
		{9A48EA8C-727B-4CC3-961A-E49445749654}.Unit Test|x64.Build.0 = Unit Test|Any CPU
		{9A48EA8C-727B-4CC3-961A-E49445749654}.Unit Test|x86.ActiveCfg = Unit Test|Any CPU
		{9A48EA8C-727B-4CC3-961A-E49445749654}.Unit Test|x86.Build.0 = Unit Test|Any CPU
		{A0DE9659-939B-471B-860F-9BEE8862EDA6}.Debug|Any CPU.ActiveCfg = Debug|Any CPU
		{A0DE9659-939B-471B-860F-9BEE8862EDA6}.Debug|Any CPU.Build.0 = Debug|Any CPU
		{A0DE9659-939B-471B-860F-9BEE8862EDA6}.Debug|Mixed Platforms.ActiveCfg = Debug|Any CPU
		{A0DE9659-939B-471B-860F-9BEE8862EDA6}.Debug|Mixed Platforms.Build.0 = Debug|Any CPU
		{A0DE9659-939B-471B-860F-9BEE8862EDA6}.Debug|x64.ActiveCfg = Debug|Any CPU
		{A0DE9659-939B-471B-860F-9BEE8862EDA6}.Debug|x64.Build.0 = Debug|Any CPU
		{A0DE9659-939B-471B-860F-9BEE8862EDA6}.Debug|x86.ActiveCfg = Debug|Any CPU
		{A0DE9659-939B-471B-860F-9BEE8862EDA6}.Debug|x86.Build.0 = Debug|Any CPU
		{A0DE9659-939B-471B-860F-9BEE8862EDA6}.Release|Any CPU.ActiveCfg = Release|Any CPU
		{A0DE9659-939B-471B-860F-9BEE8862EDA6}.Release|Any CPU.Build.0 = Release|Any CPU
		{A0DE9659-939B-471B-860F-9BEE8862EDA6}.Release|Mixed Platforms.ActiveCfg = Release|Any CPU
		{A0DE9659-939B-471B-860F-9BEE8862EDA6}.Release|Mixed Platforms.Build.0 = Release|Any CPU
		{A0DE9659-939B-471B-860F-9BEE8862EDA6}.Release|x64.ActiveCfg = Release|Any CPU
		{A0DE9659-939B-471B-860F-9BEE8862EDA6}.Release|x64.Build.0 = Release|Any CPU
		{A0DE9659-939B-471B-860F-9BEE8862EDA6}.Release|x86.ActiveCfg = Release|Any CPU
		{A0DE9659-939B-471B-860F-9BEE8862EDA6}.Unit Test|Any CPU.ActiveCfg = Unit Test|Any CPU
		{A0DE9659-939B-471B-860F-9BEE8862EDA6}.Unit Test|Any CPU.Build.0 = Unit Test|Any CPU
		{A0DE9659-939B-471B-860F-9BEE8862EDA6}.Unit Test|Mixed Platforms.ActiveCfg = Unit Test|Any CPU
		{A0DE9659-939B-471B-860F-9BEE8862EDA6}.Unit Test|Mixed Platforms.Build.0 = Unit Test|Any CPU
		{A0DE9659-939B-471B-860F-9BEE8862EDA6}.Unit Test|x64.ActiveCfg = Unit Test|Any CPU
		{A0DE9659-939B-471B-860F-9BEE8862EDA6}.Unit Test|x64.Build.0 = Unit Test|Any CPU
		{A0DE9659-939B-471B-860F-9BEE8862EDA6}.Unit Test|x86.ActiveCfg = Unit Test|Any CPU
		{A0DE9659-939B-471B-860F-9BEE8862EDA6}.Unit Test|x86.Build.0 = Unit Test|Any CPU
		{4DFD8BD0-8F27-4272-BFB0-77C45DD8B73A}.Debug|Any CPU.ActiveCfg = Debug|Any CPU
		{4DFD8BD0-8F27-4272-BFB0-77C45DD8B73A}.Debug|Any CPU.Build.0 = Debug|Any CPU
		{4DFD8BD0-8F27-4272-BFB0-77C45DD8B73A}.Debug|Mixed Platforms.ActiveCfg = Debug|Any CPU
		{4DFD8BD0-8F27-4272-BFB0-77C45DD8B73A}.Debug|Mixed Platforms.Build.0 = Debug|Any CPU
		{4DFD8BD0-8F27-4272-BFB0-77C45DD8B73A}.Debug|x64.ActiveCfg = Debug|Any CPU
		{4DFD8BD0-8F27-4272-BFB0-77C45DD8B73A}.Debug|x86.ActiveCfg = Debug|Any CPU
		{4DFD8BD0-8F27-4272-BFB0-77C45DD8B73A}.Debug|x86.Build.0 = Debug|Any CPU
		{4DFD8BD0-8F27-4272-BFB0-77C45DD8B73A}.Release|Any CPU.ActiveCfg = Release|Any CPU
		{4DFD8BD0-8F27-4272-BFB0-77C45DD8B73A}.Release|Any CPU.Build.0 = Release|Any CPU
		{4DFD8BD0-8F27-4272-BFB0-77C45DD8B73A}.Release|Mixed Platforms.ActiveCfg = Release|Any CPU
		{4DFD8BD0-8F27-4272-BFB0-77C45DD8B73A}.Release|Mixed Platforms.Build.0 = Release|Any CPU
		{4DFD8BD0-8F27-4272-BFB0-77C45DD8B73A}.Release|x64.ActiveCfg = Release|Any CPU
		{4DFD8BD0-8F27-4272-BFB0-77C45DD8B73A}.Release|x86.ActiveCfg = Release|Any CPU
		{4DFD8BD0-8F27-4272-BFB0-77C45DD8B73A}.Unit Test|Any CPU.ActiveCfg = Unit Test|Any CPU
		{4DFD8BD0-8F27-4272-BFB0-77C45DD8B73A}.Unit Test|Any CPU.Build.0 = Unit Test|Any CPU
		{4DFD8BD0-8F27-4272-BFB0-77C45DD8B73A}.Unit Test|Mixed Platforms.ActiveCfg = Unit Test|Any CPU
		{4DFD8BD0-8F27-4272-BFB0-77C45DD8B73A}.Unit Test|Mixed Platforms.Build.0 = Unit Test|Any CPU
		{4DFD8BD0-8F27-4272-BFB0-77C45DD8B73A}.Unit Test|x64.ActiveCfg = Unit Test|Any CPU
		{4DFD8BD0-8F27-4272-BFB0-77C45DD8B73A}.Unit Test|x86.ActiveCfg = Unit Test|Any CPU
		{4DFD8BD0-8F27-4272-BFB0-77C45DD8B73A}.Unit Test|x86.Build.0 = Unit Test|Any CPU
		{6890B894-6D11-4EFD-89B4-2F60DCC9AFE2}.Debug|Any CPU.ActiveCfg = Debug|Any CPU
		{6890B894-6D11-4EFD-89B4-2F60DCC9AFE2}.Debug|Any CPU.Build.0 = Debug|Any CPU
		{6890B894-6D11-4EFD-89B4-2F60DCC9AFE2}.Debug|Mixed Platforms.ActiveCfg = Debug|Any CPU
		{6890B894-6D11-4EFD-89B4-2F60DCC9AFE2}.Debug|Mixed Platforms.Build.0 = Debug|Any CPU
		{6890B894-6D11-4EFD-89B4-2F60DCC9AFE2}.Debug|x64.ActiveCfg = Debug|Any CPU
		{6890B894-6D11-4EFD-89B4-2F60DCC9AFE2}.Debug|x86.ActiveCfg = Debug|Any CPU
		{6890B894-6D11-4EFD-89B4-2F60DCC9AFE2}.Debug|x86.Build.0 = Debug|Any CPU
		{6890B894-6D11-4EFD-89B4-2F60DCC9AFE2}.Release|Any CPU.ActiveCfg = Release|Any CPU
		{6890B894-6D11-4EFD-89B4-2F60DCC9AFE2}.Release|Any CPU.Build.0 = Release|Any CPU
		{6890B894-6D11-4EFD-89B4-2F60DCC9AFE2}.Release|Mixed Platforms.ActiveCfg = Release|Any CPU
		{6890B894-6D11-4EFD-89B4-2F60DCC9AFE2}.Release|Mixed Platforms.Build.0 = Release|Any CPU
		{6890B894-6D11-4EFD-89B4-2F60DCC9AFE2}.Release|x64.ActiveCfg = Release|Any CPU
		{6890B894-6D11-4EFD-89B4-2F60DCC9AFE2}.Release|x86.ActiveCfg = Release|Any CPU
		{6890B894-6D11-4EFD-89B4-2F60DCC9AFE2}.Unit Test|Any CPU.ActiveCfg = Unit Test|Any CPU
		{6890B894-6D11-4EFD-89B4-2F60DCC9AFE2}.Unit Test|Any CPU.Build.0 = Unit Test|Any CPU
		{6890B894-6D11-4EFD-89B4-2F60DCC9AFE2}.Unit Test|Mixed Platforms.ActiveCfg = Unit Test|Any CPU
		{6890B894-6D11-4EFD-89B4-2F60DCC9AFE2}.Unit Test|Mixed Platforms.Build.0 = Unit Test|Any CPU
		{6890B894-6D11-4EFD-89B4-2F60DCC9AFE2}.Unit Test|x64.ActiveCfg = Unit Test|Any CPU
		{6890B894-6D11-4EFD-89B4-2F60DCC9AFE2}.Unit Test|x86.ActiveCfg = Unit Test|Any CPU
		{6890B894-6D11-4EFD-89B4-2F60DCC9AFE2}.Unit Test|x86.Build.0 = Unit Test|Any CPU
		{6CC6EE40-8B56-4EF2-B051-37B7ED51435D}.Debug|Any CPU.ActiveCfg = Debug|Any CPU
		{6CC6EE40-8B56-4EF2-B051-37B7ED51435D}.Debug|Any CPU.Build.0 = Debug|Any CPU
		{6CC6EE40-8B56-4EF2-B051-37B7ED51435D}.Debug|Mixed Platforms.ActiveCfg = Debug|Any CPU
		{6CC6EE40-8B56-4EF2-B051-37B7ED51435D}.Debug|Mixed Platforms.Build.0 = Debug|Any CPU
		{6CC6EE40-8B56-4EF2-B051-37B7ED51435D}.Debug|x64.ActiveCfg = Debug|Any CPU
		{6CC6EE40-8B56-4EF2-B051-37B7ED51435D}.Debug|x86.ActiveCfg = Debug|Any CPU
		{6CC6EE40-8B56-4EF2-B051-37B7ED51435D}.Debug|x86.Build.0 = Debug|Any CPU
		{6CC6EE40-8B56-4EF2-B051-37B7ED51435D}.Release|Any CPU.ActiveCfg = Release|Any CPU
		{6CC6EE40-8B56-4EF2-B051-37B7ED51435D}.Release|Any CPU.Build.0 = Release|Any CPU
		{6CC6EE40-8B56-4EF2-B051-37B7ED51435D}.Release|Mixed Platforms.ActiveCfg = Release|Any CPU
		{6CC6EE40-8B56-4EF2-B051-37B7ED51435D}.Release|Mixed Platforms.Build.0 = Release|Any CPU
		{6CC6EE40-8B56-4EF2-B051-37B7ED51435D}.Release|x64.ActiveCfg = Release|Any CPU
		{6CC6EE40-8B56-4EF2-B051-37B7ED51435D}.Release|x86.ActiveCfg = Release|Any CPU
		{6CC6EE40-8B56-4EF2-B051-37B7ED51435D}.Unit Test|Any CPU.ActiveCfg = Unit Test|Any CPU
		{6CC6EE40-8B56-4EF2-B051-37B7ED51435D}.Unit Test|Any CPU.Build.0 = Unit Test|Any CPU
		{6CC6EE40-8B56-4EF2-B051-37B7ED51435D}.Unit Test|Mixed Platforms.ActiveCfg = Unit Test|Any CPU
		{6CC6EE40-8B56-4EF2-B051-37B7ED51435D}.Unit Test|Mixed Platforms.Build.0 = Unit Test|Any CPU
		{6CC6EE40-8B56-4EF2-B051-37B7ED51435D}.Unit Test|x64.ActiveCfg = Unit Test|Any CPU
		{6CC6EE40-8B56-4EF2-B051-37B7ED51435D}.Unit Test|x86.ActiveCfg = Unit Test|Any CPU
		{6CC6EE40-8B56-4EF2-B051-37B7ED51435D}.Unit Test|x86.Build.0 = Unit Test|Any CPU
		{E96D76E3-7C0F-432A-903D-D243EA7E3FAF}.Debug|Any CPU.ActiveCfg = Debug|Any CPU
		{E96D76E3-7C0F-432A-903D-D243EA7E3FAF}.Debug|Any CPU.Build.0 = Debug|Any CPU
		{E96D76E3-7C0F-432A-903D-D243EA7E3FAF}.Debug|Mixed Platforms.ActiveCfg = Debug|Any CPU
		{E96D76E3-7C0F-432A-903D-D243EA7E3FAF}.Debug|Mixed Platforms.Build.0 = Debug|Any CPU
		{E96D76E3-7C0F-432A-903D-D243EA7E3FAF}.Debug|x64.ActiveCfg = Debug|Any CPU
		{E96D76E3-7C0F-432A-903D-D243EA7E3FAF}.Debug|x86.ActiveCfg = Debug|Any CPU
		{E96D76E3-7C0F-432A-903D-D243EA7E3FAF}.Debug|x86.Build.0 = Debug|Any CPU
		{E96D76E3-7C0F-432A-903D-D243EA7E3FAF}.Release|Any CPU.ActiveCfg = Release|Any CPU
		{E96D76E3-7C0F-432A-903D-D243EA7E3FAF}.Release|Any CPU.Build.0 = Release|Any CPU
		{E96D76E3-7C0F-432A-903D-D243EA7E3FAF}.Release|Mixed Platforms.ActiveCfg = Release|Any CPU
		{E96D76E3-7C0F-432A-903D-D243EA7E3FAF}.Release|Mixed Platforms.Build.0 = Release|Any CPU
		{E96D76E3-7C0F-432A-903D-D243EA7E3FAF}.Release|x64.ActiveCfg = Release|Any CPU
		{E96D76E3-7C0F-432A-903D-D243EA7E3FAF}.Release|x86.ActiveCfg = Release|Any CPU
		{E96D76E3-7C0F-432A-903D-D243EA7E3FAF}.Unit Test|Any CPU.ActiveCfg = Unit Test|Any CPU
		{E96D76E3-7C0F-432A-903D-D243EA7E3FAF}.Unit Test|Any CPU.Build.0 = Unit Test|Any CPU
		{E96D76E3-7C0F-432A-903D-D243EA7E3FAF}.Unit Test|Mixed Platforms.ActiveCfg = Unit Test|Any CPU
		{E96D76E3-7C0F-432A-903D-D243EA7E3FAF}.Unit Test|Mixed Platforms.Build.0 = Unit Test|Any CPU
		{E96D76E3-7C0F-432A-903D-D243EA7E3FAF}.Unit Test|x64.ActiveCfg = Unit Test|Any CPU
		{E96D76E3-7C0F-432A-903D-D243EA7E3FAF}.Unit Test|x86.ActiveCfg = Unit Test|Any CPU
		{E96D76E3-7C0F-432A-903D-D243EA7E3FAF}.Unit Test|x86.Build.0 = Unit Test|Any CPU
		{9F28271F-B5B8-4D14-A20B-53767EFD64AE}.Debug|Any CPU.ActiveCfg = Debug|Any CPU
		{9F28271F-B5B8-4D14-A20B-53767EFD64AE}.Debug|Any CPU.Build.0 = Debug|Any CPU
		{9F28271F-B5B8-4D14-A20B-53767EFD64AE}.Debug|Mixed Platforms.ActiveCfg = Debug|Any CPU
		{9F28271F-B5B8-4D14-A20B-53767EFD64AE}.Debug|Mixed Platforms.Build.0 = Debug|Any CPU
		{9F28271F-B5B8-4D14-A20B-53767EFD64AE}.Debug|x64.ActiveCfg = Debug|Any CPU
		{9F28271F-B5B8-4D14-A20B-53767EFD64AE}.Debug|x86.ActiveCfg = Debug|Any CPU
		{9F28271F-B5B8-4D14-A20B-53767EFD64AE}.Debug|x86.Build.0 = Debug|Any CPU
		{9F28271F-B5B8-4D14-A20B-53767EFD64AE}.Release|Any CPU.ActiveCfg = Release|Any CPU
		{9F28271F-B5B8-4D14-A20B-53767EFD64AE}.Release|Any CPU.Build.0 = Release|Any CPU
		{9F28271F-B5B8-4D14-A20B-53767EFD64AE}.Release|Mixed Platforms.ActiveCfg = Release|Any CPU
		{9F28271F-B5B8-4D14-A20B-53767EFD64AE}.Release|Mixed Platforms.Build.0 = Release|Any CPU
		{9F28271F-B5B8-4D14-A20B-53767EFD64AE}.Release|x64.ActiveCfg = Release|Any CPU
		{9F28271F-B5B8-4D14-A20B-53767EFD64AE}.Release|x86.ActiveCfg = Release|Any CPU
		{9F28271F-B5B8-4D14-A20B-53767EFD64AE}.Unit Test|Any CPU.ActiveCfg = Unit Test|Any CPU
		{9F28271F-B5B8-4D14-A20B-53767EFD64AE}.Unit Test|Any CPU.Build.0 = Unit Test|Any CPU
		{9F28271F-B5B8-4D14-A20B-53767EFD64AE}.Unit Test|Mixed Platforms.ActiveCfg = Unit Test|Any CPU
		{9F28271F-B5B8-4D14-A20B-53767EFD64AE}.Unit Test|Mixed Platforms.Build.0 = Unit Test|Any CPU
		{9F28271F-B5B8-4D14-A20B-53767EFD64AE}.Unit Test|x64.ActiveCfg = Unit Test|Any CPU
		{9F28271F-B5B8-4D14-A20B-53767EFD64AE}.Unit Test|x86.ActiveCfg = Unit Test|Any CPU
		{9F28271F-B5B8-4D14-A20B-53767EFD64AE}.Unit Test|x86.Build.0 = Unit Test|Any CPU
		{F5808170-FD81-4F12-88CC-E44C7F655D2D}.Debug|Any CPU.ActiveCfg = Debug|Any CPU
		{F5808170-FD81-4F12-88CC-E44C7F655D2D}.Debug|Any CPU.Build.0 = Debug|Any CPU
		{F5808170-FD81-4F12-88CC-E44C7F655D2D}.Debug|Mixed Platforms.ActiveCfg = Debug|Any CPU
		{F5808170-FD81-4F12-88CC-E44C7F655D2D}.Debug|Mixed Platforms.Build.0 = Debug|Any CPU
		{F5808170-FD81-4F12-88CC-E44C7F655D2D}.Debug|x64.ActiveCfg = Debug|Any CPU
		{F5808170-FD81-4F12-88CC-E44C7F655D2D}.Debug|x64.Build.0 = Debug|Any CPU
		{F5808170-FD81-4F12-88CC-E44C7F655D2D}.Debug|x86.ActiveCfg = Debug|Any CPU
		{F5808170-FD81-4F12-88CC-E44C7F655D2D}.Debug|x86.Build.0 = Debug|Any CPU
		{F5808170-FD81-4F12-88CC-E44C7F655D2D}.Release|Any CPU.ActiveCfg = Release|Any CPU
		{F5808170-FD81-4F12-88CC-E44C7F655D2D}.Release|Any CPU.Build.0 = Release|Any CPU
		{F5808170-FD81-4F12-88CC-E44C7F655D2D}.Release|Mixed Platforms.ActiveCfg = Release|Any CPU
		{F5808170-FD81-4F12-88CC-E44C7F655D2D}.Release|Mixed Platforms.Build.0 = Release|Any CPU
		{F5808170-FD81-4F12-88CC-E44C7F655D2D}.Release|x64.ActiveCfg = Release|Any CPU
		{F5808170-FD81-4F12-88CC-E44C7F655D2D}.Release|x64.Build.0 = Release|Any CPU
		{F5808170-FD81-4F12-88CC-E44C7F655D2D}.Release|x86.ActiveCfg = Release|Any CPU
		{F5808170-FD81-4F12-88CC-E44C7F655D2D}.Unit Test|Any CPU.ActiveCfg = Unit Test|Any CPU
		{F5808170-FD81-4F12-88CC-E44C7F655D2D}.Unit Test|Any CPU.Build.0 = Unit Test|Any CPU
		{F5808170-FD81-4F12-88CC-E44C7F655D2D}.Unit Test|Mixed Platforms.ActiveCfg = Unit Test|Any CPU
		{F5808170-FD81-4F12-88CC-E44C7F655D2D}.Unit Test|Mixed Platforms.Build.0 = Unit Test|Any CPU
		{F5808170-FD81-4F12-88CC-E44C7F655D2D}.Unit Test|x64.ActiveCfg = Unit Test|Any CPU
		{F5808170-FD81-4F12-88CC-E44C7F655D2D}.Unit Test|x64.Build.0 = Unit Test|Any CPU
		{F5808170-FD81-4F12-88CC-E44C7F655D2D}.Unit Test|x86.ActiveCfg = Unit Test|Any CPU
		{F5808170-FD81-4F12-88CC-E44C7F655D2D}.Unit Test|x86.Build.0 = Unit Test|Any CPU
		{BB73B5FF-C396-4B75-9C22-6395D86F8610}.Debug|Any CPU.ActiveCfg = Debug|Any CPU
		{BB73B5FF-C396-4B75-9C22-6395D86F8610}.Debug|Any CPU.Build.0 = Debug|Any CPU
		{BB73B5FF-C396-4B75-9C22-6395D86F8610}.Debug|Mixed Platforms.ActiveCfg = Debug|Any CPU
		{BB73B5FF-C396-4B75-9C22-6395D86F8610}.Debug|Mixed Platforms.Build.0 = Debug|Any CPU
		{BB73B5FF-C396-4B75-9C22-6395D86F8610}.Debug|x64.ActiveCfg = Debug|Any CPU
		{BB73B5FF-C396-4B75-9C22-6395D86F8610}.Debug|x64.Build.0 = Debug|Any CPU
		{BB73B5FF-C396-4B75-9C22-6395D86F8610}.Debug|x86.ActiveCfg = Debug|Any CPU
		{BB73B5FF-C396-4B75-9C22-6395D86F8610}.Release|Any CPU.ActiveCfg = Release|Any CPU
		{BB73B5FF-C396-4B75-9C22-6395D86F8610}.Release|Any CPU.Build.0 = Release|Any CPU
		{BB73B5FF-C396-4B75-9C22-6395D86F8610}.Release|Mixed Platforms.ActiveCfg = Release|Any CPU
		{BB73B5FF-C396-4B75-9C22-6395D86F8610}.Release|Mixed Platforms.Build.0 = Release|Any CPU
		{BB73B5FF-C396-4B75-9C22-6395D86F8610}.Release|x64.ActiveCfg = Release|Any CPU
		{BB73B5FF-C396-4B75-9C22-6395D86F8610}.Release|x64.Build.0 = Release|Any CPU
		{BB73B5FF-C396-4B75-9C22-6395D86F8610}.Release|x86.ActiveCfg = Release|Any CPU
		{BB73B5FF-C396-4B75-9C22-6395D86F8610}.Unit Test|Any CPU.ActiveCfg = Unit Test|Any CPU
		{BB73B5FF-C396-4B75-9C22-6395D86F8610}.Unit Test|Any CPU.Build.0 = Unit Test|Any CPU
		{BB73B5FF-C396-4B75-9C22-6395D86F8610}.Unit Test|Mixed Platforms.ActiveCfg = Unit Test|Any CPU
		{BB73B5FF-C396-4B75-9C22-6395D86F8610}.Unit Test|Mixed Platforms.Build.0 = Unit Test|Any CPU
		{BB73B5FF-C396-4B75-9C22-6395D86F8610}.Unit Test|x64.ActiveCfg = Unit Test|Any CPU
		{BB73B5FF-C396-4B75-9C22-6395D86F8610}.Unit Test|x64.Build.0 = Unit Test|Any CPU
		{BB73B5FF-C396-4B75-9C22-6395D86F8610}.Unit Test|x86.ActiveCfg = Unit Test|Any CPU
		{BB73B5FF-C396-4B75-9C22-6395D86F8610}.Unit Test|x86.Build.0 = Unit Test|Any CPU
		{9827EA79-8E27-4A66-9A03-EE8AA4FF2013}.Debug|Any CPU.ActiveCfg = Debug|Any CPU
		{9827EA79-8E27-4A66-9A03-EE8AA4FF2013}.Debug|Any CPU.Build.0 = Debug|Any CPU
		{9827EA79-8E27-4A66-9A03-EE8AA4FF2013}.Debug|Mixed Platforms.ActiveCfg = Debug|Any CPU
		{9827EA79-8E27-4A66-9A03-EE8AA4FF2013}.Debug|Mixed Platforms.Build.0 = Debug|Any CPU
		{9827EA79-8E27-4A66-9A03-EE8AA4FF2013}.Debug|x64.ActiveCfg = Debug|Any CPU
		{9827EA79-8E27-4A66-9A03-EE8AA4FF2013}.Debug|x64.Build.0 = Debug|Any CPU
		{9827EA79-8E27-4A66-9A03-EE8AA4FF2013}.Debug|x86.ActiveCfg = Debug|Any CPU
		{9827EA79-8E27-4A66-9A03-EE8AA4FF2013}.Release|Any CPU.ActiveCfg = Release|Any CPU
		{9827EA79-8E27-4A66-9A03-EE8AA4FF2013}.Release|Any CPU.Build.0 = Release|Any CPU
		{9827EA79-8E27-4A66-9A03-EE8AA4FF2013}.Release|Mixed Platforms.ActiveCfg = Release|Any CPU
		{9827EA79-8E27-4A66-9A03-EE8AA4FF2013}.Release|Mixed Platforms.Build.0 = Release|Any CPU
		{9827EA79-8E27-4A66-9A03-EE8AA4FF2013}.Release|x64.ActiveCfg = Release|Any CPU
		{9827EA79-8E27-4A66-9A03-EE8AA4FF2013}.Release|x64.Build.0 = Release|Any CPU
		{9827EA79-8E27-4A66-9A03-EE8AA4FF2013}.Release|x86.ActiveCfg = Release|Any CPU
		{9827EA79-8E27-4A66-9A03-EE8AA4FF2013}.Unit Test|Any CPU.ActiveCfg = Unit Test|Any CPU
		{9827EA79-8E27-4A66-9A03-EE8AA4FF2013}.Unit Test|Any CPU.Build.0 = Unit Test|Any CPU
		{9827EA79-8E27-4A66-9A03-EE8AA4FF2013}.Unit Test|Mixed Platforms.ActiveCfg = Unit Test|Any CPU
		{9827EA79-8E27-4A66-9A03-EE8AA4FF2013}.Unit Test|Mixed Platforms.Build.0 = Unit Test|Any CPU
		{9827EA79-8E27-4A66-9A03-EE8AA4FF2013}.Unit Test|x64.ActiveCfg = Unit Test|Any CPU
		{9827EA79-8E27-4A66-9A03-EE8AA4FF2013}.Unit Test|x64.Build.0 = Unit Test|Any CPU
		{9827EA79-8E27-4A66-9A03-EE8AA4FF2013}.Unit Test|x86.ActiveCfg = Unit Test|Any CPU
		{9827EA79-8E27-4A66-9A03-EE8AA4FF2013}.Unit Test|x86.Build.0 = Unit Test|Any CPU
		{C797C51E-33AC-4729-8FCC-2E594A248EC5}.Debug|Any CPU.ActiveCfg = Debug|Any CPU
		{C797C51E-33AC-4729-8FCC-2E594A248EC5}.Debug|Any CPU.Build.0 = Debug|Any CPU
		{C797C51E-33AC-4729-8FCC-2E594A248EC5}.Debug|Mixed Platforms.ActiveCfg = Debug|Any CPU
		{C797C51E-33AC-4729-8FCC-2E594A248EC5}.Debug|Mixed Platforms.Build.0 = Debug|Any CPU
		{C797C51E-33AC-4729-8FCC-2E594A248EC5}.Debug|x64.ActiveCfg = Debug|Any CPU
		{C797C51E-33AC-4729-8FCC-2E594A248EC5}.Debug|x64.Build.0 = Debug|Any CPU
		{C797C51E-33AC-4729-8FCC-2E594A248EC5}.Debug|x86.ActiveCfg = Debug|Any CPU
		{C797C51E-33AC-4729-8FCC-2E594A248EC5}.Release|Any CPU.ActiveCfg = Release|Any CPU
		{C797C51E-33AC-4729-8FCC-2E594A248EC5}.Release|Any CPU.Build.0 = Release|Any CPU
		{C797C51E-33AC-4729-8FCC-2E594A248EC5}.Release|Mixed Platforms.ActiveCfg = Release|Any CPU
		{C797C51E-33AC-4729-8FCC-2E594A248EC5}.Release|Mixed Platforms.Build.0 = Release|Any CPU
		{C797C51E-33AC-4729-8FCC-2E594A248EC5}.Release|x64.ActiveCfg = Release|Any CPU
		{C797C51E-33AC-4729-8FCC-2E594A248EC5}.Release|x64.Build.0 = Release|Any CPU
		{C797C51E-33AC-4729-8FCC-2E594A248EC5}.Release|x86.ActiveCfg = Release|Any CPU
		{C797C51E-33AC-4729-8FCC-2E594A248EC5}.Unit Test|Any CPU.ActiveCfg = Unit Test|Any CPU
		{C797C51E-33AC-4729-8FCC-2E594A248EC5}.Unit Test|Any CPU.Build.0 = Unit Test|Any CPU
		{C797C51E-33AC-4729-8FCC-2E594A248EC5}.Unit Test|Mixed Platforms.ActiveCfg = Unit Test|Any CPU
		{C797C51E-33AC-4729-8FCC-2E594A248EC5}.Unit Test|Mixed Platforms.Build.0 = Unit Test|Any CPU
		{C797C51E-33AC-4729-8FCC-2E594A248EC5}.Unit Test|x64.ActiveCfg = Unit Test|Any CPU
		{C797C51E-33AC-4729-8FCC-2E594A248EC5}.Unit Test|x64.Build.0 = Unit Test|Any CPU
		{C797C51E-33AC-4729-8FCC-2E594A248EC5}.Unit Test|x86.ActiveCfg = Unit Test|Any CPU
		{C797C51E-33AC-4729-8FCC-2E594A248EC5}.Unit Test|x86.Build.0 = Unit Test|Any CPU
		{092968D1-9AC4-45C8-9D7B-9AF4A241052C}.Debug|Any CPU.ActiveCfg = Debug|Any CPU
		{092968D1-9AC4-45C8-9D7B-9AF4A241052C}.Debug|Any CPU.Build.0 = Debug|Any CPU
		{092968D1-9AC4-45C8-9D7B-9AF4A241052C}.Debug|Mixed Platforms.ActiveCfg = Debug|Any CPU
		{092968D1-9AC4-45C8-9D7B-9AF4A241052C}.Debug|Mixed Platforms.Build.0 = Debug|Any CPU
		{092968D1-9AC4-45C8-9D7B-9AF4A241052C}.Debug|x64.ActiveCfg = Debug|Any CPU
		{092968D1-9AC4-45C8-9D7B-9AF4A241052C}.Debug|x64.Build.0 = Debug|Any CPU
		{092968D1-9AC4-45C8-9D7B-9AF4A241052C}.Debug|x86.ActiveCfg = Debug|Any CPU
		{092968D1-9AC4-45C8-9D7B-9AF4A241052C}.Release|Any CPU.ActiveCfg = Release|Any CPU
		{092968D1-9AC4-45C8-9D7B-9AF4A241052C}.Release|Any CPU.Build.0 = Release|Any CPU
		{092968D1-9AC4-45C8-9D7B-9AF4A241052C}.Release|Mixed Platforms.ActiveCfg = Release|Any CPU
		{092968D1-9AC4-45C8-9D7B-9AF4A241052C}.Release|Mixed Platforms.Build.0 = Release|Any CPU
		{092968D1-9AC4-45C8-9D7B-9AF4A241052C}.Release|x64.ActiveCfg = Release|Any CPU
		{092968D1-9AC4-45C8-9D7B-9AF4A241052C}.Release|x64.Build.0 = Release|Any CPU
		{092968D1-9AC4-45C8-9D7B-9AF4A241052C}.Release|x86.ActiveCfg = Release|Any CPU
		{092968D1-9AC4-45C8-9D7B-9AF4A241052C}.Unit Test|Any CPU.ActiveCfg = Unit Test|Any CPU
		{092968D1-9AC4-45C8-9D7B-9AF4A241052C}.Unit Test|Any CPU.Build.0 = Unit Test|Any CPU
		{092968D1-9AC4-45C8-9D7B-9AF4A241052C}.Unit Test|Mixed Platforms.ActiveCfg = Unit Test|Any CPU
		{092968D1-9AC4-45C8-9D7B-9AF4A241052C}.Unit Test|Mixed Platforms.Build.0 = Unit Test|Any CPU
		{092968D1-9AC4-45C8-9D7B-9AF4A241052C}.Unit Test|x64.ActiveCfg = Unit Test|Any CPU
		{092968D1-9AC4-45C8-9D7B-9AF4A241052C}.Unit Test|x64.Build.0 = Unit Test|Any CPU
		{092968D1-9AC4-45C8-9D7B-9AF4A241052C}.Unit Test|x86.ActiveCfg = Unit Test|Any CPU
		{092968D1-9AC4-45C8-9D7B-9AF4A241052C}.Unit Test|x86.Build.0 = Unit Test|Any CPU
		{5935043C-97DD-4885-A57D-07C4F32AA818}.Debug|Any CPU.ActiveCfg = Debug|Any CPU
		{5935043C-97DD-4885-A57D-07C4F32AA818}.Debug|Any CPU.Build.0 = Debug|Any CPU
		{5935043C-97DD-4885-A57D-07C4F32AA818}.Debug|Mixed Platforms.ActiveCfg = Debug|x86
		{5935043C-97DD-4885-A57D-07C4F32AA818}.Debug|Mixed Platforms.Build.0 = Debug|x86
		{5935043C-97DD-4885-A57D-07C4F32AA818}.Debug|x64.ActiveCfg = Debug|Any CPU
		{5935043C-97DD-4885-A57D-07C4F32AA818}.Debug|x64.Build.0 = Debug|Any CPU
		{5935043C-97DD-4885-A57D-07C4F32AA818}.Debug|x86.ActiveCfg = Debug|x86
		{5935043C-97DD-4885-A57D-07C4F32AA818}.Debug|x86.Build.0 = Debug|x86
		{5935043C-97DD-4885-A57D-07C4F32AA818}.Release|Any CPU.ActiveCfg = Release|Any CPU
		{5935043C-97DD-4885-A57D-07C4F32AA818}.Release|Any CPU.Build.0 = Release|Any CPU
		{5935043C-97DD-4885-A57D-07C4F32AA818}.Release|Mixed Platforms.ActiveCfg = Release|x86
		{5935043C-97DD-4885-A57D-07C4F32AA818}.Release|Mixed Platforms.Build.0 = Release|x86
		{5935043C-97DD-4885-A57D-07C4F32AA818}.Release|x64.ActiveCfg = Release|Any CPU
		{5935043C-97DD-4885-A57D-07C4F32AA818}.Release|x64.Build.0 = Release|Any CPU
		{5935043C-97DD-4885-A57D-07C4F32AA818}.Release|x86.ActiveCfg = Release|x86
		{5935043C-97DD-4885-A57D-07C4F32AA818}.Release|x86.Build.0 = Release|x86
		{5935043C-97DD-4885-A57D-07C4F32AA818}.Unit Test|Any CPU.ActiveCfg = Unit Test|Any CPU
		{5935043C-97DD-4885-A57D-07C4F32AA818}.Unit Test|Any CPU.Build.0 = Unit Test|Any CPU
		{5935043C-97DD-4885-A57D-07C4F32AA818}.Unit Test|Mixed Platforms.ActiveCfg = Unit Test|x86
		{5935043C-97DD-4885-A57D-07C4F32AA818}.Unit Test|Mixed Platforms.Build.0 = Unit Test|x86
		{5935043C-97DD-4885-A57D-07C4F32AA818}.Unit Test|x64.ActiveCfg = Unit Test|Any CPU
		{5935043C-97DD-4885-A57D-07C4F32AA818}.Unit Test|x64.Build.0 = Unit Test|Any CPU
		{5935043C-97DD-4885-A57D-07C4F32AA818}.Unit Test|x86.ActiveCfg = Unit Test|x86
		{5935043C-97DD-4885-A57D-07C4F32AA818}.Unit Test|x86.Build.0 = Unit Test|x86
		{0E41C9E9-199D-42C0-92C7-C19B4556C8FF}.Debug|Any CPU.ActiveCfg = Debug|Any CPU
		{0E41C9E9-199D-42C0-92C7-C19B4556C8FF}.Debug|Any CPU.Build.0 = Debug|Any CPU
		{0E41C9E9-199D-42C0-92C7-C19B4556C8FF}.Debug|Mixed Platforms.ActiveCfg = Debug|Any CPU
		{0E41C9E9-199D-42C0-92C7-C19B4556C8FF}.Debug|Mixed Platforms.Build.0 = Debug|Any CPU
		{0E41C9E9-199D-42C0-92C7-C19B4556C8FF}.Debug|x64.ActiveCfg = Debug|Any CPU
		{0E41C9E9-199D-42C0-92C7-C19B4556C8FF}.Debug|x64.Build.0 = Debug|Any CPU
		{0E41C9E9-199D-42C0-92C7-C19B4556C8FF}.Debug|x86.ActiveCfg = Debug|Any CPU
		{0E41C9E9-199D-42C0-92C7-C19B4556C8FF}.Debug|x86.Build.0 = Debug|Any CPU
		{0E41C9E9-199D-42C0-92C7-C19B4556C8FF}.Release|Any CPU.ActiveCfg = Release|Any CPU
		{0E41C9E9-199D-42C0-92C7-C19B4556C8FF}.Release|Any CPU.Build.0 = Release|Any CPU
		{0E41C9E9-199D-42C0-92C7-C19B4556C8FF}.Release|Mixed Platforms.ActiveCfg = Release|Any CPU
		{0E41C9E9-199D-42C0-92C7-C19B4556C8FF}.Release|Mixed Platforms.Build.0 = Release|Any CPU
		{0E41C9E9-199D-42C0-92C7-C19B4556C8FF}.Release|x64.ActiveCfg = Release|Any CPU
		{0E41C9E9-199D-42C0-92C7-C19B4556C8FF}.Release|x64.Build.0 = Release|Any CPU
		{0E41C9E9-199D-42C0-92C7-C19B4556C8FF}.Release|x86.ActiveCfg = Release|Any CPU
		{0E41C9E9-199D-42C0-92C7-C19B4556C8FF}.Release|x86.Build.0 = Release|Any CPU
		{0E41C9E9-199D-42C0-92C7-C19B4556C8FF}.Unit Test|Any CPU.ActiveCfg = Unit Test|Any CPU
		{0E41C9E9-199D-42C0-92C7-C19B4556C8FF}.Unit Test|Any CPU.Build.0 = Unit Test|Any CPU
		{0E41C9E9-199D-42C0-92C7-C19B4556C8FF}.Unit Test|Mixed Platforms.ActiveCfg = Unit Test|Any CPU
		{0E41C9E9-199D-42C0-92C7-C19B4556C8FF}.Unit Test|Mixed Platforms.Build.0 = Unit Test|Any CPU
		{0E41C9E9-199D-42C0-92C7-C19B4556C8FF}.Unit Test|x64.ActiveCfg = Unit Test|Any CPU
		{0E41C9E9-199D-42C0-92C7-C19B4556C8FF}.Unit Test|x64.Build.0 = Unit Test|Any CPU
		{0E41C9E9-199D-42C0-92C7-C19B4556C8FF}.Unit Test|x86.ActiveCfg = Unit Test|Any CPU
		{0E41C9E9-199D-42C0-92C7-C19B4556C8FF}.Unit Test|x86.Build.0 = Unit Test|Any CPU
		{50D4D8C6-979D-43F1-966E-240033AC6C26}.Debug|Any CPU.ActiveCfg = Debug|Any CPU
		{50D4D8C6-979D-43F1-966E-240033AC6C26}.Debug|Any CPU.Build.0 = Debug|Any CPU
		{50D4D8C6-979D-43F1-966E-240033AC6C26}.Debug|Mixed Platforms.ActiveCfg = Debug|Any CPU
		{50D4D8C6-979D-43F1-966E-240033AC6C26}.Debug|Mixed Platforms.Build.0 = Debug|Any CPU
		{50D4D8C6-979D-43F1-966E-240033AC6C26}.Debug|x64.ActiveCfg = Debug|Any CPU
		{50D4D8C6-979D-43F1-966E-240033AC6C26}.Debug|x64.Build.0 = Debug|Any CPU
		{50D4D8C6-979D-43F1-966E-240033AC6C26}.Debug|x86.ActiveCfg = Debug|Any CPU
		{50D4D8C6-979D-43F1-966E-240033AC6C26}.Debug|x86.Build.0 = Debug|Any CPU
		{50D4D8C6-979D-43F1-966E-240033AC6C26}.Release|Any CPU.ActiveCfg = Release|Any CPU
		{50D4D8C6-979D-43F1-966E-240033AC6C26}.Release|Any CPU.Build.0 = Release|Any CPU
		{50D4D8C6-979D-43F1-966E-240033AC6C26}.Release|Mixed Platforms.ActiveCfg = Release|Any CPU
		{50D4D8C6-979D-43F1-966E-240033AC6C26}.Release|Mixed Platforms.Build.0 = Release|Any CPU
		{50D4D8C6-979D-43F1-966E-240033AC6C26}.Release|x64.ActiveCfg = Release|Any CPU
		{50D4D8C6-979D-43F1-966E-240033AC6C26}.Release|x64.Build.0 = Release|Any CPU
		{50D4D8C6-979D-43F1-966E-240033AC6C26}.Release|x86.ActiveCfg = Release|Any CPU
		{50D4D8C6-979D-43F1-966E-240033AC6C26}.Release|x86.Build.0 = Release|Any CPU
		{50D4D8C6-979D-43F1-966E-240033AC6C26}.Unit Test|Any CPU.ActiveCfg = Unit Test|Any CPU
		{50D4D8C6-979D-43F1-966E-240033AC6C26}.Unit Test|Any CPU.Build.0 = Unit Test|Any CPU
		{50D4D8C6-979D-43F1-966E-240033AC6C26}.Unit Test|Mixed Platforms.ActiveCfg = Unit Test|Any CPU
		{50D4D8C6-979D-43F1-966E-240033AC6C26}.Unit Test|Mixed Platforms.Build.0 = Unit Test|Any CPU
		{50D4D8C6-979D-43F1-966E-240033AC6C26}.Unit Test|x64.ActiveCfg = Unit Test|Any CPU
		{50D4D8C6-979D-43F1-966E-240033AC6C26}.Unit Test|x64.Build.0 = Unit Test|Any CPU
		{50D4D8C6-979D-43F1-966E-240033AC6C26}.Unit Test|x86.ActiveCfg = Unit Test|Any CPU
		{50D4D8C6-979D-43F1-966E-240033AC6C26}.Unit Test|x86.Build.0 = Unit Test|Any CPU
		{FB5E9D19-0798-4EEB-AECB-5EE2D23B44A2}.Debug|Any CPU.ActiveCfg = Debug|Any CPU
		{FB5E9D19-0798-4EEB-AECB-5EE2D23B44A2}.Debug|Any CPU.Build.0 = Debug|Any CPU
		{FB5E9D19-0798-4EEB-AECB-5EE2D23B44A2}.Debug|Mixed Platforms.ActiveCfg = Debug|Any CPU
		{FB5E9D19-0798-4EEB-AECB-5EE2D23B44A2}.Debug|Mixed Platforms.Build.0 = Debug|Any CPU
		{FB5E9D19-0798-4EEB-AECB-5EE2D23B44A2}.Debug|x64.ActiveCfg = Debug|Any CPU
		{FB5E9D19-0798-4EEB-AECB-5EE2D23B44A2}.Debug|x64.Build.0 = Debug|Any CPU
		{FB5E9D19-0798-4EEB-AECB-5EE2D23B44A2}.Debug|x86.ActiveCfg = Debug|Any CPU
		{FB5E9D19-0798-4EEB-AECB-5EE2D23B44A2}.Debug|x86.Build.0 = Debug|Any CPU
		{FB5E9D19-0798-4EEB-AECB-5EE2D23B44A2}.Release|Any CPU.ActiveCfg = Release|Any CPU
		{FB5E9D19-0798-4EEB-AECB-5EE2D23B44A2}.Release|Any CPU.Build.0 = Release|Any CPU
		{FB5E9D19-0798-4EEB-AECB-5EE2D23B44A2}.Release|Mixed Platforms.ActiveCfg = Release|Any CPU
		{FB5E9D19-0798-4EEB-AECB-5EE2D23B44A2}.Release|Mixed Platforms.Build.0 = Release|Any CPU
		{FB5E9D19-0798-4EEB-AECB-5EE2D23B44A2}.Release|x64.ActiveCfg = Release|Any CPU
		{FB5E9D19-0798-4EEB-AECB-5EE2D23B44A2}.Release|x64.Build.0 = Release|Any CPU
		{FB5E9D19-0798-4EEB-AECB-5EE2D23B44A2}.Release|x86.ActiveCfg = Release|Any CPU
		{FB5E9D19-0798-4EEB-AECB-5EE2D23B44A2}.Release|x86.Build.0 = Release|Any CPU
		{FB5E9D19-0798-4EEB-AECB-5EE2D23B44A2}.Unit Test|Any CPU.ActiveCfg = Unit Test|Any CPU
		{FB5E9D19-0798-4EEB-AECB-5EE2D23B44A2}.Unit Test|Any CPU.Build.0 = Unit Test|Any CPU
		{FB5E9D19-0798-4EEB-AECB-5EE2D23B44A2}.Unit Test|Mixed Platforms.ActiveCfg = Unit Test|Any CPU
		{FB5E9D19-0798-4EEB-AECB-5EE2D23B44A2}.Unit Test|Mixed Platforms.Build.0 = Unit Test|Any CPU
		{FB5E9D19-0798-4EEB-AECB-5EE2D23B44A2}.Unit Test|x64.ActiveCfg = Unit Test|Any CPU
		{FB5E9D19-0798-4EEB-AECB-5EE2D23B44A2}.Unit Test|x64.Build.0 = Unit Test|Any CPU
		{FB5E9D19-0798-4EEB-AECB-5EE2D23B44A2}.Unit Test|x86.ActiveCfg = Unit Test|Any CPU
		{FB5E9D19-0798-4EEB-AECB-5EE2D23B44A2}.Unit Test|x86.Build.0 = Unit Test|Any CPU
		{016BC79B-1506-4122-A401-9110E5722806}.Debug|Any CPU.ActiveCfg = Debug|Any CPU
		{016BC79B-1506-4122-A401-9110E5722806}.Debug|Any CPU.Build.0 = Debug|Any CPU
		{016BC79B-1506-4122-A401-9110E5722806}.Debug|Mixed Platforms.ActiveCfg = Debug|Any CPU
		{016BC79B-1506-4122-A401-9110E5722806}.Debug|Mixed Platforms.Build.0 = Debug|Any CPU
		{016BC79B-1506-4122-A401-9110E5722806}.Debug|x64.ActiveCfg = Debug|Any CPU
		{016BC79B-1506-4122-A401-9110E5722806}.Debug|x64.Build.0 = Debug|Any CPU
		{016BC79B-1506-4122-A401-9110E5722806}.Debug|x86.ActiveCfg = Debug|Any CPU
		{016BC79B-1506-4122-A401-9110E5722806}.Debug|x86.Build.0 = Debug|Any CPU
		{016BC79B-1506-4122-A401-9110E5722806}.Release|Any CPU.ActiveCfg = Release|Any CPU
		{016BC79B-1506-4122-A401-9110E5722806}.Release|Any CPU.Build.0 = Release|Any CPU
		{016BC79B-1506-4122-A401-9110E5722806}.Release|Mixed Platforms.ActiveCfg = Release|Any CPU
		{016BC79B-1506-4122-A401-9110E5722806}.Release|Mixed Platforms.Build.0 = Release|Any CPU
		{016BC79B-1506-4122-A401-9110E5722806}.Release|x64.ActiveCfg = Release|Any CPU
		{016BC79B-1506-4122-A401-9110E5722806}.Release|x64.Build.0 = Release|Any CPU
		{016BC79B-1506-4122-A401-9110E5722806}.Release|x86.ActiveCfg = Release|Any CPU
		{016BC79B-1506-4122-A401-9110E5722806}.Release|x86.Build.0 = Release|Any CPU
		{016BC79B-1506-4122-A401-9110E5722806}.Unit Test|Any CPU.ActiveCfg = Unit Test|Any CPU
		{016BC79B-1506-4122-A401-9110E5722806}.Unit Test|Any CPU.Build.0 = Unit Test|Any CPU
		{016BC79B-1506-4122-A401-9110E5722806}.Unit Test|Mixed Platforms.ActiveCfg = Unit Test|Any CPU
		{016BC79B-1506-4122-A401-9110E5722806}.Unit Test|Mixed Platforms.Build.0 = Unit Test|Any CPU
		{016BC79B-1506-4122-A401-9110E5722806}.Unit Test|x64.ActiveCfg = Unit Test|Any CPU
		{016BC79B-1506-4122-A401-9110E5722806}.Unit Test|x64.Build.0 = Unit Test|Any CPU
		{016BC79B-1506-4122-A401-9110E5722806}.Unit Test|x86.ActiveCfg = Unit Test|Any CPU
		{016BC79B-1506-4122-A401-9110E5722806}.Unit Test|x86.Build.0 = Unit Test|Any CPU
		{029AEA44-C76F-4AE9-BDCF-19C437A84BFF}.Debug|Any CPU.ActiveCfg = Debug|Any CPU
		{029AEA44-C76F-4AE9-BDCF-19C437A84BFF}.Debug|Any CPU.Build.0 = Debug|Any CPU
		{029AEA44-C76F-4AE9-BDCF-19C437A84BFF}.Debug|Mixed Platforms.ActiveCfg = Debug|Any CPU
		{029AEA44-C76F-4AE9-BDCF-19C437A84BFF}.Debug|Mixed Platforms.Build.0 = Debug|Any CPU
		{029AEA44-C76F-4AE9-BDCF-19C437A84BFF}.Debug|x64.ActiveCfg = Debug|Any CPU
		{029AEA44-C76F-4AE9-BDCF-19C437A84BFF}.Debug|x64.Build.0 = Debug|Any CPU
		{029AEA44-C76F-4AE9-BDCF-19C437A84BFF}.Debug|x86.ActiveCfg = Debug|Any CPU
		{029AEA44-C76F-4AE9-BDCF-19C437A84BFF}.Debug|x86.Build.0 = Debug|Any CPU
		{029AEA44-C76F-4AE9-BDCF-19C437A84BFF}.Release|Any CPU.ActiveCfg = Release|Any CPU
		{029AEA44-C76F-4AE9-BDCF-19C437A84BFF}.Release|Any CPU.Build.0 = Release|Any CPU
		{029AEA44-C76F-4AE9-BDCF-19C437A84BFF}.Release|Mixed Platforms.ActiveCfg = Release|Any CPU
		{029AEA44-C76F-4AE9-BDCF-19C437A84BFF}.Release|Mixed Platforms.Build.0 = Release|Any CPU
		{029AEA44-C76F-4AE9-BDCF-19C437A84BFF}.Release|x64.ActiveCfg = Release|Any CPU
		{029AEA44-C76F-4AE9-BDCF-19C437A84BFF}.Release|x64.Build.0 = Release|Any CPU
		{029AEA44-C76F-4AE9-BDCF-19C437A84BFF}.Release|x86.ActiveCfg = Release|Any CPU
		{029AEA44-C76F-4AE9-BDCF-19C437A84BFF}.Release|x86.Build.0 = Release|Any CPU
		{029AEA44-C76F-4AE9-BDCF-19C437A84BFF}.Unit Test|Any CPU.ActiveCfg = Unit Test|Any CPU
		{029AEA44-C76F-4AE9-BDCF-19C437A84BFF}.Unit Test|Any CPU.Build.0 = Unit Test|Any CPU
		{029AEA44-C76F-4AE9-BDCF-19C437A84BFF}.Unit Test|Mixed Platforms.ActiveCfg = Unit Test|Any CPU
		{029AEA44-C76F-4AE9-BDCF-19C437A84BFF}.Unit Test|Mixed Platforms.Build.0 = Unit Test|Any CPU
		{029AEA44-C76F-4AE9-BDCF-19C437A84BFF}.Unit Test|x64.ActiveCfg = Unit Test|Any CPU
		{029AEA44-C76F-4AE9-BDCF-19C437A84BFF}.Unit Test|x64.Build.0 = Unit Test|Any CPU
		{029AEA44-C76F-4AE9-BDCF-19C437A84BFF}.Unit Test|x86.ActiveCfg = Unit Test|Any CPU
		{029AEA44-C76F-4AE9-BDCF-19C437A84BFF}.Unit Test|x86.Build.0 = Unit Test|Any CPU
		{6A5AFE2B-F1A2-4A57-9FB0-0F0C309AAF5A}.Debug|Any CPU.ActiveCfg = Debug|Any CPU
		{6A5AFE2B-F1A2-4A57-9FB0-0F0C309AAF5A}.Debug|Any CPU.Build.0 = Debug|Any CPU
		{6A5AFE2B-F1A2-4A57-9FB0-0F0C309AAF5A}.Debug|Mixed Platforms.ActiveCfg = Debug|Any CPU
		{6A5AFE2B-F1A2-4A57-9FB0-0F0C309AAF5A}.Debug|Mixed Platforms.Build.0 = Debug|Any CPU
		{6A5AFE2B-F1A2-4A57-9FB0-0F0C309AAF5A}.Debug|x64.ActiveCfg = Debug|Any CPU
		{6A5AFE2B-F1A2-4A57-9FB0-0F0C309AAF5A}.Debug|x64.Build.0 = Debug|Any CPU
		{6A5AFE2B-F1A2-4A57-9FB0-0F0C309AAF5A}.Debug|x86.ActiveCfg = Debug|Any CPU
		{6A5AFE2B-F1A2-4A57-9FB0-0F0C309AAF5A}.Debug|x86.Build.0 = Debug|Any CPU
		{6A5AFE2B-F1A2-4A57-9FB0-0F0C309AAF5A}.Release|Any CPU.ActiveCfg = Release|Any CPU
		{6A5AFE2B-F1A2-4A57-9FB0-0F0C309AAF5A}.Release|Any CPU.Build.0 = Release|Any CPU
		{6A5AFE2B-F1A2-4A57-9FB0-0F0C309AAF5A}.Release|Mixed Platforms.ActiveCfg = Release|Any CPU
		{6A5AFE2B-F1A2-4A57-9FB0-0F0C309AAF5A}.Release|Mixed Platforms.Build.0 = Release|Any CPU
		{6A5AFE2B-F1A2-4A57-9FB0-0F0C309AAF5A}.Release|x64.ActiveCfg = Release|Any CPU
		{6A5AFE2B-F1A2-4A57-9FB0-0F0C309AAF5A}.Release|x64.Build.0 = Release|Any CPU
		{6A5AFE2B-F1A2-4A57-9FB0-0F0C309AAF5A}.Release|x86.ActiveCfg = Release|Any CPU
		{6A5AFE2B-F1A2-4A57-9FB0-0F0C309AAF5A}.Release|x86.Build.0 = Release|Any CPU
		{6A5AFE2B-F1A2-4A57-9FB0-0F0C309AAF5A}.Unit Test|Any CPU.ActiveCfg = Unit Test|Any CPU
		{6A5AFE2B-F1A2-4A57-9FB0-0F0C309AAF5A}.Unit Test|Any CPU.Build.0 = Unit Test|Any CPU
		{6A5AFE2B-F1A2-4A57-9FB0-0F0C309AAF5A}.Unit Test|Mixed Platforms.ActiveCfg = Unit Test|Any CPU
		{6A5AFE2B-F1A2-4A57-9FB0-0F0C309AAF5A}.Unit Test|Mixed Platforms.Build.0 = Unit Test|Any CPU
		{6A5AFE2B-F1A2-4A57-9FB0-0F0C309AAF5A}.Unit Test|x64.ActiveCfg = Unit Test|Any CPU
		{6A5AFE2B-F1A2-4A57-9FB0-0F0C309AAF5A}.Unit Test|x64.Build.0 = Unit Test|Any CPU
		{6A5AFE2B-F1A2-4A57-9FB0-0F0C309AAF5A}.Unit Test|x86.ActiveCfg = Unit Test|Any CPU
		{6A5AFE2B-F1A2-4A57-9FB0-0F0C309AAF5A}.Unit Test|x86.Build.0 = Unit Test|Any CPU
		{83C6EEAC-8FD6-4A70-BC6F-88B2D8C253DB}.Debug|Any CPU.ActiveCfg = Debug|Any CPU
		{83C6EEAC-8FD6-4A70-BC6F-88B2D8C253DB}.Debug|Any CPU.Build.0 = Debug|Any CPU
		{83C6EEAC-8FD6-4A70-BC6F-88B2D8C253DB}.Debug|Mixed Platforms.ActiveCfg = Debug|Any CPU
		{83C6EEAC-8FD6-4A70-BC6F-88B2D8C253DB}.Debug|Mixed Platforms.Build.0 = Debug|Any CPU
		{83C6EEAC-8FD6-4A70-BC6F-88B2D8C253DB}.Debug|x64.ActiveCfg = Debug|Any CPU
		{83C6EEAC-8FD6-4A70-BC6F-88B2D8C253DB}.Debug|x64.Build.0 = Debug|Any CPU
		{83C6EEAC-8FD6-4A70-BC6F-88B2D8C253DB}.Debug|x86.ActiveCfg = Debug|Any CPU
		{83C6EEAC-8FD6-4A70-BC6F-88B2D8C253DB}.Debug|x86.Build.0 = Debug|Any CPU
		{83C6EEAC-8FD6-4A70-BC6F-88B2D8C253DB}.Release|Any CPU.ActiveCfg = Release|Any CPU
		{83C6EEAC-8FD6-4A70-BC6F-88B2D8C253DB}.Release|Any CPU.Build.0 = Release|Any CPU
		{83C6EEAC-8FD6-4A70-BC6F-88B2D8C253DB}.Release|Mixed Platforms.ActiveCfg = Release|Any CPU
		{83C6EEAC-8FD6-4A70-BC6F-88B2D8C253DB}.Release|Mixed Platforms.Build.0 = Release|Any CPU
		{83C6EEAC-8FD6-4A70-BC6F-88B2D8C253DB}.Release|x64.ActiveCfg = Release|Any CPU
		{83C6EEAC-8FD6-4A70-BC6F-88B2D8C253DB}.Release|x64.Build.0 = Release|Any CPU
		{83C6EEAC-8FD6-4A70-BC6F-88B2D8C253DB}.Release|x86.ActiveCfg = Release|Any CPU
		{83C6EEAC-8FD6-4A70-BC6F-88B2D8C253DB}.Release|x86.Build.0 = Release|Any CPU
		{83C6EEAC-8FD6-4A70-BC6F-88B2D8C253DB}.Unit Test|Any CPU.ActiveCfg = Release|Any CPU
		{83C6EEAC-8FD6-4A70-BC6F-88B2D8C253DB}.Unit Test|Any CPU.Build.0 = Release|Any CPU
		{83C6EEAC-8FD6-4A70-BC6F-88B2D8C253DB}.Unit Test|Mixed Platforms.ActiveCfg = Release|Any CPU
		{83C6EEAC-8FD6-4A70-BC6F-88B2D8C253DB}.Unit Test|Mixed Platforms.Build.0 = Release|Any CPU
		{83C6EEAC-8FD6-4A70-BC6F-88B2D8C253DB}.Unit Test|x64.ActiveCfg = Release|Any CPU
		{83C6EEAC-8FD6-4A70-BC6F-88B2D8C253DB}.Unit Test|x64.Build.0 = Release|Any CPU
		{83C6EEAC-8FD6-4A70-BC6F-88B2D8C253DB}.Unit Test|x86.ActiveCfg = Release|Any CPU
		{83C6EEAC-8FD6-4A70-BC6F-88B2D8C253DB}.Unit Test|x86.Build.0 = Release|Any CPU
		{B66E2D37-3E66-4033-87D2-37AD3485A549}.Debug|Any CPU.ActiveCfg = Debug|Any CPU
		{B66E2D37-3E66-4033-87D2-37AD3485A549}.Debug|Any CPU.Build.0 = Debug|Any CPU
		{B66E2D37-3E66-4033-87D2-37AD3485A549}.Debug|Mixed Platforms.ActiveCfg = Debug|x86
		{B66E2D37-3E66-4033-87D2-37AD3485A549}.Debug|Mixed Platforms.Build.0 = Debug|x86
		{B66E2D37-3E66-4033-87D2-37AD3485A549}.Debug|x64.ActiveCfg = Debug|x64
		{B66E2D37-3E66-4033-87D2-37AD3485A549}.Debug|x64.Build.0 = Debug|x64
		{B66E2D37-3E66-4033-87D2-37AD3485A549}.Debug|x86.ActiveCfg = Debug|x86
		{B66E2D37-3E66-4033-87D2-37AD3485A549}.Debug|x86.Build.0 = Debug|x86
		{B66E2D37-3E66-4033-87D2-37AD3485A549}.Release|Any CPU.ActiveCfg = Release|Any CPU
		{B66E2D37-3E66-4033-87D2-37AD3485A549}.Release|Any CPU.Build.0 = Release|Any CPU
		{B66E2D37-3E66-4033-87D2-37AD3485A549}.Release|Mixed Platforms.ActiveCfg = Release|x86
		{B66E2D37-3E66-4033-87D2-37AD3485A549}.Release|Mixed Platforms.Build.0 = Release|x86
		{B66E2D37-3E66-4033-87D2-37AD3485A549}.Release|x64.ActiveCfg = Release|x64
		{B66E2D37-3E66-4033-87D2-37AD3485A549}.Release|x64.Build.0 = Release|x64
		{B66E2D37-3E66-4033-87D2-37AD3485A549}.Release|x86.ActiveCfg = Release|x86
		{B66E2D37-3E66-4033-87D2-37AD3485A549}.Release|x86.Build.0 = Release|x86
		{B66E2D37-3E66-4033-87D2-37AD3485A549}.Unit Test|Any CPU.ActiveCfg = Release|Any CPU
		{B66E2D37-3E66-4033-87D2-37AD3485A549}.Unit Test|Any CPU.Build.0 = Release|Any CPU
		{B66E2D37-3E66-4033-87D2-37AD3485A549}.Unit Test|Mixed Platforms.ActiveCfg = Release|x86
		{B66E2D37-3E66-4033-87D2-37AD3485A549}.Unit Test|Mixed Platforms.Build.0 = Release|x86
		{B66E2D37-3E66-4033-87D2-37AD3485A549}.Unit Test|x64.ActiveCfg = Release|x64
		{B66E2D37-3E66-4033-87D2-37AD3485A549}.Unit Test|x64.Build.0 = Release|x64
		{B66E2D37-3E66-4033-87D2-37AD3485A549}.Unit Test|x86.ActiveCfg = Release|x86
		{B66E2D37-3E66-4033-87D2-37AD3485A549}.Unit Test|x86.Build.0 = Release|x86
	EndGlobalSection
	GlobalSection(SolutionProperties) = preSolution
		HideSolutionNode = FALSE
	EndGlobalSection
	GlobalSection(NestedProjects) = preSolution
		{7EF452C6-FA1C-4547-9F71-18096C796A5B} = {B62AA9FE-E612-4BB1-8C13-99753AC59A21}
		{C7E21F05-C166-4DCC-8429-EC8A4C1A67B6} = {B8012975-F614-40E2-8C47-A528078587C3}
		{5382AEC5-55FA-4818-99AB-2C9194C2C8AB} = {4A4ABA21-0F7D-42E8-BF0E-89F8D1F3EE0A}
		{2BED4D62-96E7-413F-BA87-9BF06F546771} = {B8012975-F614-40E2-8C47-A528078587C3}
		{554547B9-CCA9-424F-AC8F-BD6C0BC0AD1A} = {5FD2BD8B-80A4-4BCD-8574-0AA2628645D4}
		{49091146-3C8A-46C4-B07C-F73C3E0B2A70} = {987C8BE3-43BA-486E-A2BD-3109CF515689}
		{400462CE-40B3-498F-B95A-B1D2AE679359} = {7FC1F69B-1280-469C-8C85-EC82E898568B}
		{B084BDA0-2A1F-4D1A-A968-8EB0F8D60A96} = {CA6DCAE1-06B2-4290-ADA3-602FD12721DA}
		{9A48EA8C-727B-4CC3-961A-E49445749654} = {CA6DCAE1-06B2-4290-ADA3-602FD12721DA}
		{A0DE9659-939B-471B-860F-9BEE8862EDA6} = {C5F45297-2106-4BC9-B588-7500B606BEBD}
		{4DFD8BD0-8F27-4272-BFB0-77C45DD8B73A} = {C5F45297-2106-4BC9-B588-7500B606BEBD}
		{6890B894-6D11-4EFD-89B4-2F60DCC9AFE2} = {C5F45297-2106-4BC9-B588-7500B606BEBD}
		{6CC6EE40-8B56-4EF2-B051-37B7ED51435D} = {C5F45297-2106-4BC9-B588-7500B606BEBD}
		{E96D76E3-7C0F-432A-903D-D243EA7E3FAF} = {C5F45297-2106-4BC9-B588-7500B606BEBD}
		{9F28271F-B5B8-4D14-A20B-53767EFD64AE} = {C5F45297-2106-4BC9-B588-7500B606BEBD}
		{BB73B5FF-C396-4B75-9C22-6395D86F8610} = {CA6DCAE1-06B2-4290-ADA3-602FD12721DA}
		{9827EA79-8E27-4A66-9A03-EE8AA4FF2013} = {0D110656-8A6A-48E2-B78B-CE6824F0021E}
		{C797C51E-33AC-4729-8FCC-2E594A248EC5} = {0D110656-8A6A-48E2-B78B-CE6824F0021E}
		{F79FCF06-B0AE-4765-8141-3124B179C39D} = {D6C40C0F-2AB1-4BE0-BB76-4A2A7745940D}
		{93DD135A-4E08-432D-B740-C563F6BE9AB6} = {D6C40C0F-2AB1-4BE0-BB76-4A2A7745940D}
		{092968D1-9AC4-45C8-9D7B-9AF4A241052C} = {B8012975-F614-40E2-8C47-A528078587C3}
		{0E41C9E9-199D-42C0-92C7-C19B4556C8FF} = {B8012975-F614-40E2-8C47-A528078587C3}
		{50D4D8C6-979D-43F1-966E-240033AC6C26} = {D6C40C0F-2AB1-4BE0-BB76-4A2A7745940D}
		{FB5E9D19-0798-4EEB-AECB-5EE2D23B44A2} = {5FD2BD8B-80A4-4BCD-8574-0AA2628645D4}
		{016BC79B-1506-4122-A401-9110E5722806} = {CA6DCAE1-06B2-4290-ADA3-602FD12721DA}
		{029AEA44-C76F-4AE9-BDCF-19C437A84BFF} = {CA6DCAE1-06B2-4290-ADA3-602FD12721DA}
		{83C6EEAC-8FD6-4A70-BC6F-88B2D8C253DB} = {CA6DCAE1-06B2-4290-ADA3-602FD12721DA}
		{B66E2D37-3E66-4033-87D2-37AD3485A549} = {CA6DCAE1-06B2-4290-ADA3-602FD12721DA}
	EndGlobalSection
	GlobalSection(ExtensibilityGlobals) = postSolution
		SolutionGuid = {379EAECF-5388-4462-B756-D4193D887EF9}
	EndGlobalSection
EndGlobal
